Microsoft Visual Studio Solution File, Format Version 10.00
# Visual Studio 2008
Project("{E24C65DC-7377-472B-9ABA-BC803B73C61A}") = "FASERT", ".", "{420F4FED-2F28-4BE5-8CEA-9A6B9A57558B}"
	ProjectSection(WebsiteProperties) = preProject
		TargetFramework = "3.5"
		ProjectReferences = "{7198F5D0-4732-4453-ACC3-E27FFD077223}|CMS.SettingsProvider.dll;{20FE8F78-3000-4939-845D-17298F222583}|CMS.SiteProvider.dll;{FFF66FAC-ECAF-4ABB-B45B-624B05D016FE}|CMS.IO.dll;{C8AAF16D-D07D-4D55-87DE-67E0DDD64590}|CMS.ResourceManager.dll;{9A708631-C495-4293-9734-209D34FD7E4A}|CMS.GlobalHelper.dll;{E73EC4D1-E6AE-4ED1-B83F-252873A6FD91}|CMS.DataEngine.dll;{CEFE297D-1C57-41B7-B433-AF66E2F274A7}|CMS.EventLog.dll;{FB31282A-FFD2-45E0-957D-EB51EBB4FEFC}|CMS.Synchronization.dll;{F9315288-B41E-43A3-8EC1-6AEE3BF3F6E5}|CMS.LicenseProvider.dll;{25DBB65B-FA10-4200-8DDE-27A8C19B79EB}|CMS.EmailEngine.dll;{51E68EF8-0D8B-4FE9-8B76-F5D17B8A38F1}|CMS.PortalEngine.dll;{E5656652-8952-4830-8F2D-F02DE94CD233}|CMS.Scheduler.dll;{40786846-0C8D-4BC2-B7A4-E23324D5DA13}|CMS.TreeEngine.dll;{AA8267BE-6E90-495D-967F-E735D75D43BF}|CMS.WorkflowEngine.dll;{A9E7CA3E-D735-46E6-AB8C-8DA483A2C777}|CMS.WinServiceEngine.dll;{2AD29CF4-7814-4265-B106-22D17FA6460A}|CMS.WebFarmSync.dll;{D35B8890-3BB7-496F-AF34-78328065A198}|CMS.WebFarmSyncHelper.dll;{13274FBB-4302-4BA1-8885-ABF3BFA1D123}|CMS.ZipUtilities.dll;{FFE4D48B-C46E-4E6B-B7D5-2EEAB474A3E8}|CMS.CMSHelper.dll;{A00C03A7-3DEE-4725-B260-F5FC5A300E58}|CMS.AmazonStorage.dll;{30DE637C-B730-4D57-896C-1B21BB3D3B11}|CMS.Blogs.dll;{370251B9-A818-4267-9301-E8E96E7F0E4F}|CMS.CKEditor.dll;{0AC76B5C-F5BA-4638-8308-46FD5A6B8B33}|CMS.CMSSiteMapProvider.dll;{0AB34C10-7BF4-4A87-817F-9E3A2BAB9283}|CMS.CMSStorage.dll;{4F831254-8A94-4684-A754-DFD1852DFF2C}|CMS.Community.dll;{544AB14D-E106-4B30-BBF6-BA8E6B5541A6}|CMS.Controls.dll;{E88D315C-90CF-493F-9E45-662EC3C41920}|CMS.Controls.XmlSerializers.dll;{2132DF13-68C4-4577-9486-301BCAC27AEA}|CMS.DatabaseHelper.dll;{07AC7071-1305-4A59-A832-6EFEA392BF08}|CMS.DataProviderSQL.dll;{16936612-978A-4885-BC57-1876B75C288A}|CMS.Ecommerce.dll;{7A11A978-CE9B-4C6A-9EF7-13E2403B6832}|CMS.EcommerceProvider.dll;{96601422-F5A9-4A0A-8799-291052193F9E}|CMS.EventManager.dll;{70D91232-B4CC-4CCF-8F6F-E138F5A5CE79}|CMS.ExtendedControls.dll;{BE16125B-B226-4B9F-A503-21C0624DD74C}|CMS.FormControls.dll;{EFF260F8-F116-4704-8DE3-C229114C3FD7}|CMS.FormEngine.dll;{4E12BCCB-C408-4E33-B81D-B699043B278D}|CMS.Forums.dll;{598D1A7F-C0A0-403E-AD5C-97D6153EC810}|CMS.GlobalEventHelper.dll;{458E6941-187C-42A9-ACD6-83D78C7B83A2}|CMS.ImportExport.dll;{B9106223-6E86-45D3-8952-3B2985657B5D}|CMS.ISearchEngine.dll;{9AA166C9-AE8A-4340-8CB7-25BB99E7B3A4}|CMS.LicenseProvider.XmlSerializers.dll;{56FF93CC-984A-4825-B202-85FC0D8BC89F}|CMS.MediaLibrary.dll;{5D0D2D72-0DD5-4EAF-A1BE-14BEA64E7A60}|CMS.MembershipProvider.dll;{E26B784D-4767-451C-98E4-524FBFFA32EF}|CMS.MessageBoard.dll;{0971545C-03E1-44B1-A4CF-68DB2CF250C8}|CMS.Messaging.dll;{2F98D6D6-8A2F-4DC3-886A-D5610EBB779D}|CMS.MetaWeblogProvider.dll;{0BAB4C2A-39D8-4E7F-8D99-24C9976AA43B}|CMS.Newsletter.dll;{97659D32-C1A1-47DE-9508-68B426BA96CB}|CMS.Notifications.dll;{5F5901EA-A978-4468-A1E7-AFD0575D76FE}|CMS.OnlineMarketing.dll;{FB6117D9-DBE2-4385-9B7F-7DB8EADD3FAD}|CMS.OutputFilter.dll;{0D22B40B-BE3B-4D73-8FF4-4086F07B5AAB}|CMS.Polls.dll;{78B9004C-E3C9-4599-A92F-CFFCDEC4F9F5}|CMS.PortalControls.dll;{CFFCE18F-F4A9-41AF-BBC4-43D4AA820FA4}|CMS.ProjectManagement.dll;{96FF6E64-9E8E-4C1F-B353-3EFB3640AB18}|CMS.Reporting.dll;{E643420C-0A8E-4D9D-BB2B-5F59488204B6}|CMS.RESTService.dll;{4D143411-9FDF-4EB9-82AE-0463E52D45CC}|CMS.SearchProviderSQL.dll;{9231908F-03EF-40B6-A480-BE0AD4040D71}|CMS.skmMenuControl.dll;{8992697E-29F0-4088-A9E2-9FAC1EEA429E}|CMS.SynchronizationEngine.dll;{34AEEF24-CFB3-4290-8397-A9334CB1C399}|CMS.UIControls.dll;{0D0DB808-8F8C-4372-A1FC-B27AF445AC88}|CMS.URLRewritingEngine.dll;{AF349783-E193-4228-8D49-B182DA8085BC}|CMS.VirtualPathHelper.dll;{657E3DEF-8B61-41D5-8CE8-57937548E7A4}|CMS.VirtualPathProvider.dll;{46D460AD-A6C9-4485-A84B-305D0F4462DB}|CMS.WebAnalytics.dll;{7F4603AB-693B-4882-BE1E-B8BC4AA1E5B3}|CMS.WebDAV.dll;"
		Debug.AspNetCompiler.VirtualPath = "/KenticoCMS6"
		Debug.AspNetCompiler.PhysicalPath = "..\Project\KenticoCMS6\"
		Debug.AspNetCompiler.TargetPath = "PrecompiledWeb\KenticoCMS6\"
		Debug.AspNetCompiler.Updateable = "true"
		Debug.AspNetCompiler.ForceOverwrite = "true"
		Debug.AspNetCompiler.FixedNames = "false"
		Debug.AspNetCompiler.Debug = "True"
		Release.AspNetCompiler.VirtualPath = "/KenticoCMS6"
		Release.AspNetCompiler.PhysicalPath = "..\Project\KenticoCMS6\"
		Release.AspNetCompiler.TargetPath = "PrecompiledWeb\KenticoCMS6\"
		Release.AspNetCompiler.Updateable = "true"
		Release.AspNetCompiler.ForceOverwrite = "true"
		Release.AspNetCompiler.FixedNames = "false"
		Release.AspNetCompiler.Debug = "False"
		VWDPort = "27736"
	EndProjectSection
EndProject
Project("{FAE04EC0-301F-11D3-BF4B-00C04F79EFBC}") = "CMS.AmazonStorage", "..\..\..\Users\recursos.PER\Desktop\kentico6\CMS.AmazonStorage\CMS.AmazonStorage.csproj", "{A00C03A7-3DEE-4725-B260-F5FC5A300E58}"
EndProject
Project("{FAE04EC0-301F-11D3-BF4B-00C04F79EFBC}") = "CMS.Blogs", "..\..\..\Users\recursos.PER\Desktop\kentico6\CMS.Blogs\CMS.Blogs.csproj", "{30DE637C-B730-4D57-896C-1B21BB3D3B11}"
EndProject
Project("{FAE04EC0-301F-11D3-BF4B-00C04F79EFBC}") = "CMS.CKEditor", "..\..\..\Users\recursos.PER\Desktop\kentico6\CMS.CKEditor\CMS.CKEditor.csproj", "{370251B9-A818-4267-9301-E8E96E7F0E4F}"
EndProject
Project("{FAE04EC0-301F-11D3-BF4B-00C04F79EFBC}") = "CMS.CMSHelper", "..\..\..\Users\recursos.PER\Desktop\kentico6\CMS.CMSHelper\CMS.CMSHelper.csproj", "{FFE4D48B-C46E-4E6B-B7D5-2EEAB474A3E8}"
EndProject
Project("{FAE04EC0-301F-11D3-BF4B-00C04F79EFBC}") = "CMS.CMSSiteMapProvider", "..\..\..\Users\recursos.PER\Desktop\kentico6\CMS.CMSSiteMapProvider\CMS.CMSSiteMapProvider.csproj", "{0AC76B5C-F5BA-4638-8308-46FD5A6B8B33}"
EndProject
Project("{FAE04EC0-301F-11D3-BF4B-00C04F79EFBC}") = "CMS.CMSStorage", "..\..\..\Users\recursos.PER\Desktop\kentico6\CMS.CMSStorage\CMS.CMSStorage.csproj", "{0AB34C10-7BF4-4A87-817F-9E3A2BAB9283}"
EndProject
Project("{FAE04EC0-301F-11D3-BF4B-00C04F79EFBC}") = "CMS.Community", "..\..\..\Users\recursos.PER\Desktop\kentico6\CMS.Community\CMS.Community.csproj", "{4F831254-8A94-4684-A754-DFD1852DFF2C}"
EndProject
Project("{FAE04EC0-301F-11D3-BF4B-00C04F79EFBC}") = "CMS.Controls", "..\..\..\Users\recursos.PER\Desktop\kentico6\CMS.Controls\CMS.Controls.csproj", "{544AB14D-E106-4B30-BBF6-BA8E6B5541A6}"
EndProject
Project("{FAE04EC0-301F-11D3-BF4B-00C04F79EFBC}") = "CMS.Controls.XmlSerializers", "..\..\..\Users\recursos.PER\Desktop\kentico6\CMS.Controls.XmlSerializers\CMS.Controls.XmlSerializers.csproj", "{E88D315C-90CF-493F-9E45-662EC3C41920}"
EndProject
Project("{FAE04EC0-301F-11D3-BF4B-00C04F79EFBC}") = "CMS.DatabaseHelper", "..\..\..\Users\recursos.PER\Desktop\kentico6\CMS.DatabaseHelper\CMS.DatabaseHelper.csproj", "{2132DF13-68C4-4577-9486-301BCAC27AEA}"
EndProject
Project("{FAE04EC0-301F-11D3-BF4B-00C04F79EFBC}") = "CMS.DataEngine", "..\..\..\Users\recursos.PER\Desktop\kentico6\CMS.DataEngine\CMS.DataEngine.csproj", "{E73EC4D1-E6AE-4ED1-B83F-252873A6FD91}"
EndProject
Project("{FAE04EC0-301F-11D3-BF4B-00C04F79EFBC}") = "CMS.DataProviderSQL", "..\..\..\Users\recursos.PER\Desktop\kentico6\CMS.DataProviderSQL\CMS.DataProviderSQL.csproj", "{07AC7071-1305-4A59-A832-6EFEA392BF08}"
EndProject
Project("{FAE04EC0-301F-11D3-BF4B-00C04F79EFBC}") = "CMS.Ecommerce", "..\..\..\Users\recursos.PER\Desktop\kentico6\CMS.Ecommerce\CMS.Ecommerce.csproj", "{16936612-978A-4885-BC57-1876B75C288A}"
EndProject
Project("{FAE04EC0-301F-11D3-BF4B-00C04F79EFBC}") = "CMS.EcommerceProvider", "..\..\..\Users\recursos.PER\Desktop\kentico6\CMS.EcommerceProvider\CMS.EcommerceProvider.csproj", "{7A11A978-CE9B-4C6A-9EF7-13E2403B6832}"
EndProject
Project("{FAE04EC0-301F-11D3-BF4B-00C04F79EFBC}") = "CMS.EmailEngine", "..\..\..\Users\recursos.PER\Desktop\kentico6\CMS.EmailEngine\CMS.EmailEngine.csproj", "{25DBB65B-FA10-4200-8DDE-27A8C19B79EB}"
EndProject
Project("{FAE04EC0-301F-11D3-BF4B-00C04F79EFBC}") = "CMS.EventLog", "..\..\..\Users\recursos.PER\Desktop\kentico6\CMS.EventLog\CMS.EventLog.csproj", "{CEFE297D-1C57-41B7-B433-AF66E2F274A7}"
EndProject
Project("{FAE04EC0-301F-11D3-BF4B-00C04F79EFBC}") = "CMS.EventManager", "..\..\..\Users\recursos.PER\Desktop\kentico6\CMS.EventManager\CMS.EventManager.csproj", "{96601422-F5A9-4A0A-8799-291052193F9E}"
EndProject
Project("{FAE04EC0-301F-11D3-BF4B-00C04F79EFBC}") = "CMS.ExtendedControls", "..\..\..\Users\recursos.PER\Desktop\kentico6\CMS.ExtendedControls\CMS.ExtendedControls.csproj", "{70D91232-B4CC-4CCF-8F6F-E138F5A5CE79}"
EndProject
Project("{FAE04EC0-301F-11D3-BF4B-00C04F79EFBC}") = "CMS.FormControls", "..\..\..\Users\recursos.PER\Desktop\kentico6\CMS.FormControls\CMS.FormControls.csproj", "{BE16125B-B226-4B9F-A503-21C0624DD74C}"
EndProject
Project("{FAE04EC0-301F-11D3-BF4B-00C04F79EFBC}") = "CMS.FormEngine", "..\..\..\Users\recursos.PER\Desktop\kentico6\CMS.FormEngine\CMS.FormEngine.csproj", "{EFF260F8-F116-4704-8DE3-C229114C3FD7}"
EndProject
Project("{FAE04EC0-301F-11D3-BF4B-00C04F79EFBC}") = "CMS.Forums", "..\..\..\Users\recursos.PER\Desktop\kentico6\CMS.Forums\CMS.Forums.csproj", "{4E12BCCB-C408-4E33-B81D-B699043B278D}"
EndProject
Project("{FAE04EC0-301F-11D3-BF4B-00C04F79EFBC}") = "CMS.GlobalEventHelper", "..\..\..\Users\recursos.PER\Desktop\kentico6\CMS.GlobalEventHelper\CMS.GlobalEventHelper.csproj", "{598D1A7F-C0A0-403E-AD5C-97D6153EC810}"
EndProject
Project("{FAE04EC0-301F-11D3-BF4B-00C04F79EFBC}") = "CMS.GlobalHelper", "..\..\..\Users\recursos.PER\Desktop\kentico6\CMS.GlobalHelper\CMS.GlobalHelper.csproj", "{9A708631-C495-4293-9734-209D34FD7E4A}"
EndProject
Project("{FAE04EC0-301F-11D3-BF4B-00C04F79EFBC}") = "CMS.ImportExport", "..\..\..\Users\recursos.PER\Desktop\kentico6\CMS.ImportExport\CMS.ImportExport.csproj", "{458E6941-187C-42A9-ACD6-83D78C7B83A2}"
EndProject
Project("{FAE04EC0-301F-11D3-BF4B-00C04F79EFBC}") = "CMS.IO", "..\..\..\Users\recursos.PER\Desktop\kentico6\CMS.IO\CMS.IO.csproj", "{FFF66FAC-ECAF-4ABB-B45B-624B05D016FE}"
EndProject
Project("{FAE04EC0-301F-11D3-BF4B-00C04F79EFBC}") = "CMS.ISearchEngine", "..\..\..\Users\recursos.PER\Desktop\kentico6\CMS.ISearchEngine\CMS.ISearchEngine.csproj", "{B9106223-6E86-45D3-8952-3B2985657B5D}"
EndProject
Project("{FAE04EC0-301F-11D3-BF4B-00C04F79EFBC}") = "CMS.LicenseProvider", "..\..\..\Users\recursos.PER\Desktop\kentico6\CMS.LicenseProvider\CMS.LicenseProvider.csproj", "{F9315288-B41E-43A3-8EC1-6AEE3BF3F6E5}"
EndProject
Project("{FAE04EC0-301F-11D3-BF4B-00C04F79EFBC}") = "CMS.LicenseProvider.XmlSerializers", "..\..\..\Users\recursos.PER\Desktop\kentico6\CMS.LicenseProvider.XmlSerializers\CMS.LicenseProvider.XmlSerializers.csproj", "{9AA166C9-AE8A-4340-8CB7-25BB99E7B3A4}"
EndProject
Project("{FAE04EC0-301F-11D3-BF4B-00C04F79EFBC}") = "CMS.MediaLibrary", "..\..\..\Users\recursos.PER\Desktop\kentico6\CMS.MediaLibrary\CMS.MediaLibrary.csproj", "{56FF93CC-984A-4825-B202-85FC0D8BC89F}"
EndProject
Project("{FAE04EC0-301F-11D3-BF4B-00C04F79EFBC}") = "CMS.MembershipProvider", "..\..\..\Users\recursos.PER\Desktop\kentico6\CMS.MembershipProvider\CMS.MembershipProvider.csproj", "{5D0D2D72-0DD5-4EAF-A1BE-14BEA64E7A60}"
EndProject
Project("{FAE04EC0-301F-11D3-BF4B-00C04F79EFBC}") = "CMS.MessageBoard", "..\..\..\Users\recursos.PER\Desktop\kentico6\CMS.MessageBoard\CMS.MessageBoard.csproj", "{E26B784D-4767-451C-98E4-524FBFFA32EF}"
EndProject
Project("{FAE04EC0-301F-11D3-BF4B-00C04F79EFBC}") = "CMS.Messaging", "..\..\..\Users\recursos.PER\Desktop\kentico6\CMS.Messaging\CMS.Messaging.csproj", "{0971545C-03E1-44B1-A4CF-68DB2CF250C8}"
EndProject
Project("{FAE04EC0-301F-11D3-BF4B-00C04F79EFBC}") = "CMS.MetaWeblogProvider", "..\..\..\Users\recursos.PER\Desktop\kentico6\CMS.MetaWeblogProvider\CMS.MetaWeblogProvider.csproj", "{2F98D6D6-8A2F-4DC3-886A-D5610EBB779D}"
EndProject
Project("{FAE04EC0-301F-11D3-BF4B-00C04F79EFBC}") = "CMS.Newsletter", "..\..\..\Users\recursos.PER\Desktop\kentico6\CMS.Newsletter\CMS.Newsletter.csproj", "{0BAB4C2A-39D8-4E7F-8D99-24C9976AA43B}"
EndProject
Project("{FAE04EC0-301F-11D3-BF4B-00C04F79EFBC}") = "CMS.Notifications", "..\..\..\Users\recursos.PER\Desktop\kentico6\CMS.Notifications\CMS.Notifications.csproj", "{97659D32-C1A1-47DE-9508-68B426BA96CB}"
EndProject
Project("{FAE04EC0-301F-11D3-BF4B-00C04F79EFBC}") = "CMS.OutputFilter", "..\..\..\Users\recursos.PER\Desktop\kentico6\CMS.OutputFilter\CMS.OutputFilter.csproj", "{FB6117D9-DBE2-4385-9B7F-7DB8EADD3FAD}"
EndProject
Project("{FAE04EC0-301F-11D3-BF4B-00C04F79EFBC}") = "CMS.OnlineMarketing", "..\..\..\Users\recursos.PER\Desktop\kentico6\CMS.OnlineMarketing\CMS.OnlineMarketing.csproj", "{5F5901EA-A978-4468-A1E7-AFD0575D76FE}"
EndProject
Project("{FAE04EC0-301F-11D3-BF4B-00C04F79EFBC}") = "CMS.Polls", "..\..\..\Users\recursos.PER\Desktop\kentico6\CMS.Polls\CMS.Polls.csproj", "{0D22B40B-BE3B-4D73-8FF4-4086F07B5AAB}"
EndProject
Project("{FAE04EC0-301F-11D3-BF4B-00C04F79EFBC}") = "CMS.PortalControls", "..\..\..\Users\recursos.PER\Desktop\kentico6\CMS.PortalControls\CMS.PortalControls.csproj", "{78B9004C-E3C9-4599-A92F-CFFCDEC4F9F5}"
EndProject
Project("{FAE04EC0-301F-11D3-BF4B-00C04F79EFBC}") = "CMS.PortalEngine", "..\..\..\Users\recursos.PER\Desktop\kentico6\CMS.PortalEngine\CMS.PortalEngine.csproj", "{51E68EF8-0D8B-4FE9-8B76-F5D17B8A38F1}"
EndProject
Project("{FAE04EC0-301F-11D3-BF4B-00C04F79EFBC}") = "CMS.ProjectManagement", "..\..\..\Users\recursos.PER\Desktop\kentico6\CMS.ProjectManagement\CMS.ProjectManagement.csproj", "{CFFCE18F-F4A9-41AF-BBC4-43D4AA820FA4}"
EndProject
Project("{FAE04EC0-301F-11D3-BF4B-00C04F79EFBC}") = "CMS.Reporting", "..\..\..\Users\recursos.PER\Desktop\kentico6\CMS.Reporting\CMS.Reporting.csproj", "{96FF6E64-9E8E-4C1F-B353-3EFB3640AB18}"
EndProject
Project("{FAE04EC0-301F-11D3-BF4B-00C04F79EFBC}") = "CMS.ResourceManager", "..\..\..\Users\recursos.PER\Desktop\kentico6\CMS.ResourceManager\CMS.ResourceManager.csproj", "{C8AAF16D-D07D-4D55-87DE-67E0DDD64590}"
EndProject
Project("{FAE04EC0-301F-11D3-BF4B-00C04F79EFBC}") = "CMS.RESTService", "..\..\..\Users\recursos.PER\Desktop\kentico6\CMS.RESTService\CMS.RESTService.csproj", "{E643420C-0A8E-4D9D-BB2B-5F59488204B6}"
EndProject
Project("{FAE04EC0-301F-11D3-BF4B-00C04F79EFBC}") = "CMS.Scheduler", "..\..\..\Users\recursos.PER\Desktop\kentico6\CMS.Scheduler\CMS.Scheduler.csproj", "{E5656652-8952-4830-8F2D-F02DE94CD233}"
EndProject
Project("{FAE04EC0-301F-11D3-BF4B-00C04F79EFBC}") = "CMS.SearchProviderSQL", "..\..\..\Users\recursos.PER\Desktop\kentico6\CMS.SearchProviderSQL\CMS.SearchProviderSQL.csproj", "{4D143411-9FDF-4EB9-82AE-0463E52D45CC}"
EndProject
Project("{FAE04EC0-301F-11D3-BF4B-00C04F79EFBC}") = "CMS.SettingsProvider", "..\..\..\Users\recursos.PER\Desktop\kentico6\CMS.SettingsProvider\CMS.SettingsProvider.csproj", "{7198F5D0-4732-4453-ACC3-E27FFD077223}"
EndProject
Project("{FAE04EC0-301F-11D3-BF4B-00C04F79EFBC}") = "CMS.SiteProvider", "..\..\..\Users\recursos.PER\Desktop\kentico6\CMS.SiteProvider\CMS.SiteProvider.csproj", "{20FE8F78-3000-4939-845D-17298F222583}"
EndProject
Project("{FAE04EC0-301F-11D3-BF4B-00C04F79EFBC}") = "CMS.Synchronization", "..\..\..\Users\recursos.PER\Desktop\kentico6\CMS.Synchronization\CMS.Synchronization.csproj", "{FB31282A-FFD2-45E0-957D-EB51EBB4FEFC}"
EndProject
Project("{FAE04EC0-301F-11D3-BF4B-00C04F79EFBC}") = "CMS.skmMenuControl", "..\..\..\Users\recursos.PER\Desktop\kentico6\CMS.skmMenuControl\CMS.skmMenuControl.csproj", "{9231908F-03EF-40B6-A480-BE0AD4040D71}"
EndProject
Project("{FAE04EC0-301F-11D3-BF4B-00C04F79EFBC}") = "CMS.SynchronizationEngine", "..\..\..\Users\recursos.PER\Desktop\kentico6\CMS.SynchronizationEngine\CMS.SynchronizationEngine.csproj", "{8992697E-29F0-4088-A9E2-9FAC1EEA429E}"
EndProject
Project("{FAE04EC0-301F-11D3-BF4B-00C04F79EFBC}") = "CMS.TreeEngine", "..\..\..\Users\recursos.PER\Desktop\kentico6\CMS.TreeEngine\CMS.TreeEngine.csproj", "{40786846-0C8D-4BC2-B7A4-E23324D5DA13}"
EndProject
Project("{FAE04EC0-301F-11D3-BF4B-00C04F79EFBC}") = "CMS.UIControls", "..\..\..\Users\recursos.PER\Desktop\kentico6\CMS.UIControls\CMS.UIControls.csproj", "{34AEEF24-CFB3-4290-8397-A9334CB1C399}"
EndProject
Project("{FAE04EC0-301F-11D3-BF4B-00C04F79EFBC}") = "CMS.URLRewritingEngine", "..\..\..\Users\recursos.PER\Desktop\kentico6\CMS.URLRewritingEngine\CMS.URLRewritingEngine.csproj", "{0D0DB808-8F8C-4372-A1FC-B27AF445AC88}"
EndProject
Project("{FAE04EC0-301F-11D3-BF4B-00C04F79EFBC}") = "CMS.VirtualPathHelper", "..\..\..\Users\recursos.PER\Desktop\kentico6\CMS.VirtualPathHelper\CMS.VirtualPathHelper.csproj", "{AF349783-E193-4228-8D49-B182DA8085BC}"
EndProject
Project("{FAE04EC0-301F-11D3-BF4B-00C04F79EFBC}") = "CMS.VirtualPathProvider", "..\..\..\Users\recursos.PER\Desktop\kentico6\CMS.VirtualPathProvider\CMS.VirtualPathProvider.csproj", "{657E3DEF-8B61-41D5-8CE8-57937548E7A4}"
EndProject
Project("{FAE04EC0-301F-11D3-BF4B-00C04F79EFBC}") = "CMS.WebAnalytics", "..\..\..\Users\recursos.PER\Desktop\kentico6\CMS.WebAnalytics\CMS.WebAnalytics.csproj", "{46D460AD-A6C9-4485-A84B-305D0F4462DB}"
EndProject
Project("{FAE04EC0-301F-11D3-BF4B-00C04F79EFBC}") = "CMS.WebDAV", "..\..\..\Users\recursos.PER\Desktop\kentico6\CMS.WebDAV\CMS.WebDAV.csproj", "{7F4603AB-693B-4882-BE1E-B8BC4AA1E5B3}"
EndProject
Project("{FAE04EC0-301F-11D3-BF4B-00C04F79EFBC}") = "CMS.WebFarmSync", "..\..\..\Users\recursos.PER\Desktop\kentico6\CMS.WebFarmSync\CMS.WebFarmSync.csproj", "{2AD29CF4-7814-4265-B106-22D17FA6460A}"
EndProject
Project("{FAE04EC0-301F-11D3-BF4B-00C04F79EFBC}") = "CMS.WebFarmSyncHelper", "..\..\..\Users\recursos.PER\Desktop\kentico6\CMS.WebFarmSyncHelper\CMS.WebFarmSyncHelper.csproj", "{D35B8890-3BB7-496F-AF34-78328065A198}"
EndProject
Project("{FAE04EC0-301F-11D3-BF4B-00C04F79EFBC}") = "CMS.WinServiceEngine", "..\..\..\Users\recursos.PER\Desktop\kentico6\CMS.WinServiceEngine\CMS.WinServiceEngine.csproj", "{A9E7CA3E-D735-46E6-AB8C-8DA483A2C777}"
EndProject
Project("{FAE04EC0-301F-11D3-BF4B-00C04F79EFBC}") = "CMS.WorkflowEngine", "..\..\..\Users\recursos.PER\Desktop\kentico6\CMS.WorkflowEngine\CMS.WorkflowEngine.csproj", "{AA8267BE-6E90-495D-967F-E735D75D43BF}"
EndProject
Project("{FAE04EC0-301F-11D3-BF4B-00C04F79EFBC}") = "CMS.ZipUtilities", "..\..\..\Users\recursos.PER\Desktop\kentico6\CMS.ZipUtilities\CMS.ZipUtilities.csproj", "{13274FBB-4302-4BA1-8885-ABF3BFA1D123}"
EndProject
Global
	GlobalSection(SolutionConfigurationPlatforms) = preSolution
		Debug|.NET = Debug|.NET
		Debug|Any CPU = Debug|Any CPU
		Debug|Mixed Platforms = Debug|Mixed Platforms
		Debug|x86 = Debug|x86
		Release|.NET = Release|.NET
		Release|Any CPU = Release|Any CPU
		Release|Mixed Platforms = Release|Mixed Platforms
		Release|x86 = Release|x86
	EndGlobalSection
	GlobalSection(ProjectConfigurationPlatforms) = postSolution
		{420F4FED-2F28-4BE5-8CEA-9A6B9A57558B}.Debug|.NET.ActiveCfg = Debug|.NET
		{420F4FED-2F28-4BE5-8CEA-9A6B9A57558B}.Debug|.NET.Build.0 = Debug|.NET
		{420F4FED-2F28-4BE5-8CEA-9A6B9A57558B}.Debug|Any CPU.ActiveCfg = Debug|.NET
		{420F4FED-2F28-4BE5-8CEA-9A6B9A57558B}.Debug|Mixed Platforms.ActiveCfg = Debug|.NET
		{420F4FED-2F28-4BE5-8CEA-9A6B9A57558B}.Debug|x86.ActiveCfg = Debug|.NET
		{420F4FED-2F28-4BE5-8CEA-9A6B9A57558B}.Release|.NET.ActiveCfg = Debug|.NET
		{420F4FED-2F28-4BE5-8CEA-9A6B9A57558B}.Release|.NET.Build.0 = Debug|.NET
		{420F4FED-2F28-4BE5-8CEA-9A6B9A57558B}.Release|Any CPU.ActiveCfg = Debug|.NET
		{420F4FED-2F28-4BE5-8CEA-9A6B9A57558B}.Release|Mixed Platforms.ActiveCfg = Debug|.NET
		{420F4FED-2F28-4BE5-8CEA-9A6B9A57558B}.Release|Mixed Platforms.Build.0 = Debug|.NET
		{420F4FED-2F28-4BE5-8CEA-9A6B9A57558B}.Release|x86.ActiveCfg = Debug|.NET
		{A00C03A7-3DEE-4725-B260-F5FC5A300E58}.Debug|.NET.ActiveCfg = Debug|x86
		{A00C03A7-3DEE-4725-B260-F5FC5A300E58}.Debug|Any CPU.ActiveCfg = Debug|x86
		{A00C03A7-3DEE-4725-B260-F5FC5A300E58}.Debug|Mixed Platforms.ActiveCfg = Debug|x86
		{A00C03A7-3DEE-4725-B260-F5FC5A300E58}.Debug|Mixed Platforms.Build.0 = Debug|x86
		{A00C03A7-3DEE-4725-B260-F5FC5A300E58}.Debug|x86.ActiveCfg = Debug|x86
		{A00C03A7-3DEE-4725-B260-F5FC5A300E58}.Debug|x86.Build.0 = Debug|x86
		{A00C03A7-3DEE-4725-B260-F5FC5A300E58}.Release|.NET.ActiveCfg = Release|x86
		{A00C03A7-3DEE-4725-B260-F5FC5A300E58}.Release|Any CPU.ActiveCfg = Release|x86
		{A00C03A7-3DEE-4725-B260-F5FC5A300E58}.Release|Mixed Platforms.ActiveCfg = Release|x86
		{A00C03A7-3DEE-4725-B260-F5FC5A300E58}.Release|Mixed Platforms.Build.0 = Release|x86
		{A00C03A7-3DEE-4725-B260-F5FC5A300E58}.Release|x86.ActiveCfg = Release|x86
		{A00C03A7-3DEE-4725-B260-F5FC5A300E58}.Release|x86.Build.0 = Release|x86
		{30DE637C-B730-4D57-896C-1B21BB3D3B11}.Debug|.NET.ActiveCfg = Debug|x86
		{30DE637C-B730-4D57-896C-1B21BB3D3B11}.Debug|Any CPU.ActiveCfg = Debug|x86
		{30DE637C-B730-4D57-896C-1B21BB3D3B11}.Debug|Mixed Platforms.ActiveCfg = Debug|x86
		{30DE637C-B730-4D57-896C-1B21BB3D3B11}.Debug|Mixed Platforms.Build.0 = Debug|x86
		{30DE637C-B730-4D57-896C-1B21BB3D3B11}.Debug|x86.ActiveCfg = Debug|x86
		{30DE637C-B730-4D57-896C-1B21BB3D3B11}.Debug|x86.Build.0 = Debug|x86
		{30DE637C-B730-4D57-896C-1B21BB3D3B11}.Release|.NET.ActiveCfg = Release|x86
		{30DE637C-B730-4D57-896C-1B21BB3D3B11}.Release|Any CPU.ActiveCfg = Release|x86
		{30DE637C-B730-4D57-896C-1B21BB3D3B11}.Release|Mixed Platforms.ActiveCfg = Release|x86
		{30DE637C-B730-4D57-896C-1B21BB3D3B11}.Release|Mixed Platforms.Build.0 = Release|x86
		{30DE637C-B730-4D57-896C-1B21BB3D3B11}.Release|x86.ActiveCfg = Release|x86
		{30DE637C-B730-4D57-896C-1B21BB3D3B11}.Release|x86.Build.0 = Release|x86
		{370251B9-A818-4267-9301-E8E96E7F0E4F}.Debug|.NET.ActiveCfg = Debug|x86
		{370251B9-A818-4267-9301-E8E96E7F0E4F}.Debug|Any CPU.ActiveCfg = Debug|x86
		{370251B9-A818-4267-9301-E8E96E7F0E4F}.Debug|Mixed Platforms.ActiveCfg = Debug|x86
		{370251B9-A818-4267-9301-E8E96E7F0E4F}.Debug|Mixed Platforms.Build.0 = Debug|x86
		{370251B9-A818-4267-9301-E8E96E7F0E4F}.Debug|x86.ActiveCfg = Debug|x86
		{370251B9-A818-4267-9301-E8E96E7F0E4F}.Debug|x86.Build.0 = Debug|x86
		{370251B9-A818-4267-9301-E8E96E7F0E4F}.Release|.NET.ActiveCfg = Release|x86
		{370251B9-A818-4267-9301-E8E96E7F0E4F}.Release|Any CPU.ActiveCfg = Release|x86
		{370251B9-A818-4267-9301-E8E96E7F0E4F}.Release|Mixed Platforms.ActiveCfg = Release|x86
		{370251B9-A818-4267-9301-E8E96E7F0E4F}.Release|Mixed Platforms.Build.0 = Release|x86
		{370251B9-A818-4267-9301-E8E96E7F0E4F}.Release|x86.ActiveCfg = Release|x86
		{370251B9-A818-4267-9301-E8E96E7F0E4F}.Release|x86.Build.0 = Release|x86
		{FFE4D48B-C46E-4E6B-B7D5-2EEAB474A3E8}.Debug|.NET.ActiveCfg = Debug|x86
		{FFE4D48B-C46E-4E6B-B7D5-2EEAB474A3E8}.Debug|Any CPU.ActiveCfg = Debug|x86
		{FFE4D48B-C46E-4E6B-B7D5-2EEAB474A3E8}.Debug|Mixed Platforms.ActiveCfg = Debug|x86
		{FFE4D48B-C46E-4E6B-B7D5-2EEAB474A3E8}.Debug|Mixed Platforms.Build.0 = Debug|x86
		{FFE4D48B-C46E-4E6B-B7D5-2EEAB474A3E8}.Debug|x86.ActiveCfg = Debug|x86
		{FFE4D48B-C46E-4E6B-B7D5-2EEAB474A3E8}.Debug|x86.Build.0 = Debug|x86
		{FFE4D48B-C46E-4E6B-B7D5-2EEAB474A3E8}.Release|.NET.ActiveCfg = Release|x86
		{FFE4D48B-C46E-4E6B-B7D5-2EEAB474A3E8}.Release|Any CPU.ActiveCfg = Release|x86
		{FFE4D48B-C46E-4E6B-B7D5-2EEAB474A3E8}.Release|Mixed Platforms.ActiveCfg = Release|x86
		{FFE4D48B-C46E-4E6B-B7D5-2EEAB474A3E8}.Release|Mixed Platforms.Build.0 = Release|x86
		{FFE4D48B-C46E-4E6B-B7D5-2EEAB474A3E8}.Release|x86.ActiveCfg = Release|x86
		{FFE4D48B-C46E-4E6B-B7D5-2EEAB474A3E8}.Release|x86.Build.0 = Release|x86
		{0AC76B5C-F5BA-4638-8308-46FD5A6B8B33}.Debug|.NET.ActiveCfg = Debug|x86
		{0AC76B5C-F5BA-4638-8308-46FD5A6B8B33}.Debug|Any CPU.ActiveCfg = Debug|x86
		{0AC76B5C-F5BA-4638-8308-46FD5A6B8B33}.Debug|Mixed Platforms.ActiveCfg = Debug|x86
		{0AC76B5C-F5BA-4638-8308-46FD5A6B8B33}.Debug|Mixed Platforms.Build.0 = Debug|x86
		{0AC76B5C-F5BA-4638-8308-46FD5A6B8B33}.Debug|x86.ActiveCfg = Debug|x86
		{0AC76B5C-F5BA-4638-8308-46FD5A6B8B33}.Debug|x86.Build.0 = Debug|x86
		{0AC76B5C-F5BA-4638-8308-46FD5A6B8B33}.Release|.NET.ActiveCfg = Release|x86
		{0AC76B5C-F5BA-4638-8308-46FD5A6B8B33}.Release|Any CPU.ActiveCfg = Release|x86
		{0AC76B5C-F5BA-4638-8308-46FD5A6B8B33}.Release|Mixed Platforms.ActiveCfg = Release|x86
		{0AC76B5C-F5BA-4638-8308-46FD5A6B8B33}.Release|Mixed Platforms.Build.0 = Release|x86
		{0AC76B5C-F5BA-4638-8308-46FD5A6B8B33}.Release|x86.ActiveCfg = Release|x86
		{0AC76B5C-F5BA-4638-8308-46FD5A6B8B33}.Release|x86.Build.0 = Release|x86
		{0AB34C10-7BF4-4A87-817F-9E3A2BAB9283}.Debug|.NET.ActiveCfg = Debug|x86
		{0AB34C10-7BF4-4A87-817F-9E3A2BAB9283}.Debug|Any CPU.ActiveCfg = Debug|x86
		{0AB34C10-7BF4-4A87-817F-9E3A2BAB9283}.Debug|Mixed Platforms.ActiveCfg = Debug|x86
		{0AB34C10-7BF4-4A87-817F-9E3A2BAB9283}.Debug|Mixed Platforms.Build.0 = Debug|x86
		{0AB34C10-7BF4-4A87-817F-9E3A2BAB9283}.Debug|x86.ActiveCfg = Debug|x86
		{0AB34C10-7BF4-4A87-817F-9E3A2BAB9283}.Debug|x86.Build.0 = Debug|x86
		{0AB34C10-7BF4-4A87-817F-9E3A2BAB9283}.Release|.NET.ActiveCfg = Release|x86
		{0AB34C10-7BF4-4A87-817F-9E3A2BAB9283}.Release|Any CPU.ActiveCfg = Release|x86
		{0AB34C10-7BF4-4A87-817F-9E3A2BAB9283}.Release|Mixed Platforms.ActiveCfg = Release|x86
		{0AB34C10-7BF4-4A87-817F-9E3A2BAB9283}.Release|Mixed Platforms.Build.0 = Release|x86
		{0AB34C10-7BF4-4A87-817F-9E3A2BAB9283}.Release|x86.ActiveCfg = Release|x86
		{0AB34C10-7BF4-4A87-817F-9E3A2BAB9283}.Release|x86.Build.0 = Release|x86
		{4F831254-8A94-4684-A754-DFD1852DFF2C}.Debug|.NET.ActiveCfg = Debug|x86
		{4F831254-8A94-4684-A754-DFD1852DFF2C}.Debug|Any CPU.ActiveCfg = Debug|x86
		{4F831254-8A94-4684-A754-DFD1852DFF2C}.Debug|Mixed Platforms.ActiveCfg = Debug|x86
		{4F831254-8A94-4684-A754-DFD1852DFF2C}.Debug|Mixed Platforms.Build.0 = Debug|x86
		{4F831254-8A94-4684-A754-DFD1852DFF2C}.Debug|x86.ActiveCfg = Debug|x86
		{4F831254-8A94-4684-A754-DFD1852DFF2C}.Debug|x86.Build.0 = Debug|x86
		{4F831254-8A94-4684-A754-DFD1852DFF2C}.Release|.NET.ActiveCfg = Release|x86
		{4F831254-8A94-4684-A754-DFD1852DFF2C}.Release|Any CPU.ActiveCfg = Release|x86
		{4F831254-8A94-4684-A754-DFD1852DFF2C}.Release|Mixed Platforms.ActiveCfg = Release|x86
		{4F831254-8A94-4684-A754-DFD1852DFF2C}.Release|Mixed Platforms.Build.0 = Release|x86
		{4F831254-8A94-4684-A754-DFD1852DFF2C}.Release|x86.ActiveCfg = Release|x86
		{4F831254-8A94-4684-A754-DFD1852DFF2C}.Release|x86.Build.0 = Release|x86
		{544AB14D-E106-4B30-BBF6-BA8E6B5541A6}.Debug|.NET.ActiveCfg = Debug|x86
		{544AB14D-E106-4B30-BBF6-BA8E6B5541A6}.Debug|Any CPU.ActiveCfg = Debug|x86
		{544AB14D-E106-4B30-BBF6-BA8E6B5541A6}.Debug|Mixed Platforms.ActiveCfg = Debug|x86
		{544AB14D-E106-4B30-BBF6-BA8E6B5541A6}.Debug|Mixed Platforms.Build.0 = Debug|x86
		{544AB14D-E106-4B30-BBF6-BA8E6B5541A6}.Debug|x86.ActiveCfg = Debug|x86
		{544AB14D-E106-4B30-BBF6-BA8E6B5541A6}.Debug|x86.Build.0 = Debug|x86
		{544AB14D-E106-4B30-BBF6-BA8E6B5541A6}.Release|.NET.ActiveCfg = Release|x86
		{544AB14D-E106-4B30-BBF6-BA8E6B5541A6}.Release|Any CPU.ActiveCfg = Release|x86
		{544AB14D-E106-4B30-BBF6-BA8E6B5541A6}.Release|Mixed Platforms.ActiveCfg = Release|x86
		{544AB14D-E106-4B30-BBF6-BA8E6B5541A6}.Release|Mixed Platforms.Build.0 = Release|x86
		{544AB14D-E106-4B30-BBF6-BA8E6B5541A6}.Release|x86.ActiveCfg = Release|x86
		{544AB14D-E106-4B30-BBF6-BA8E6B5541A6}.Release|x86.Build.0 = Release|x86
		{E88D315C-90CF-493F-9E45-662EC3C41920}.Debug|.NET.ActiveCfg = Debug|x86
		{E88D315C-90CF-493F-9E45-662EC3C41920}.Debug|Any CPU.ActiveCfg = Debug|x86
		{E88D315C-90CF-493F-9E45-662EC3C41920}.Debug|Mixed Platforms.ActiveCfg = Debug|x86
		{E88D315C-90CF-493F-9E45-662EC3C41920}.Debug|Mixed Platforms.Build.0 = Debug|x86
		{E88D315C-90CF-493F-9E45-662EC3C41920}.Debug|x86.ActiveCfg = Debug|x86
		{E88D315C-90CF-493F-9E45-662EC3C41920}.Debug|x86.Build.0 = Debug|x86
		{E88D315C-90CF-493F-9E45-662EC3C41920}.Release|.NET.ActiveCfg = Release|x86
		{E88D315C-90CF-493F-9E45-662EC3C41920}.Release|Any CPU.ActiveCfg = Release|x86
		{E88D315C-90CF-493F-9E45-662EC3C41920}.Release|Mixed Platforms.ActiveCfg = Release|x86
		{E88D315C-90CF-493F-9E45-662EC3C41920}.Release|Mixed Platforms.Build.0 = Release|x86
		{E88D315C-90CF-493F-9E45-662EC3C41920}.Release|x86.ActiveCfg = Release|x86
		{E88D315C-90CF-493F-9E45-662EC3C41920}.Release|x86.Build.0 = Release|x86
		{2132DF13-68C4-4577-9486-301BCAC27AEA}.Debug|.NET.ActiveCfg = Debug|x86
		{2132DF13-68C4-4577-9486-301BCAC27AEA}.Debug|Any CPU.ActiveCfg = Debug|x86
		{2132DF13-68C4-4577-9486-301BCAC27AEA}.Debug|Mixed Platforms.ActiveCfg = Debug|x86
		{2132DF13-68C4-4577-9486-301BCAC27AEA}.Debug|Mixed Platforms.Build.0 = Debug|x86
		{2132DF13-68C4-4577-9486-301BCAC27AEA}.Debug|x86.ActiveCfg = Debug|x86
		{2132DF13-68C4-4577-9486-301BCAC27AEA}.Debug|x86.Build.0 = Debug|x86
		{2132DF13-68C4-4577-9486-301BCAC27AEA}.Release|.NET.ActiveCfg = Release|x86
		{2132DF13-68C4-4577-9486-301BCAC27AEA}.Release|Any CPU.ActiveCfg = Release|x86
		{2132DF13-68C4-4577-9486-301BCAC27AEA}.Release|Mixed Platforms.ActiveCfg = Release|x86
		{2132DF13-68C4-4577-9486-301BCAC27AEA}.Release|Mixed Platforms.Build.0 = Release|x86
		{2132DF13-68C4-4577-9486-301BCAC27AEA}.Release|x86.ActiveCfg = Release|x86
		{2132DF13-68C4-4577-9486-301BCAC27AEA}.Release|x86.Build.0 = Release|x86
		{E73EC4D1-E6AE-4ED1-B83F-252873A6FD91}.Debug|.NET.ActiveCfg = Debug|x86
		{E73EC4D1-E6AE-4ED1-B83F-252873A6FD91}.Debug|Any CPU.ActiveCfg = Debug|x86
		{E73EC4D1-E6AE-4ED1-B83F-252873A6FD91}.Debug|Mixed Platforms.ActiveCfg = Debug|x86
		{E73EC4D1-E6AE-4ED1-B83F-252873A6FD91}.Debug|Mixed Platforms.Build.0 = Debug|x86
		{E73EC4D1-E6AE-4ED1-B83F-252873A6FD91}.Debug|x86.ActiveCfg = Debug|x86
		{E73EC4D1-E6AE-4ED1-B83F-252873A6FD91}.Debug|x86.Build.0 = Debug|x86
		{E73EC4D1-E6AE-4ED1-B83F-252873A6FD91}.Release|.NET.ActiveCfg = Release|x86
		{E73EC4D1-E6AE-4ED1-B83F-252873A6FD91}.Release|Any CPU.ActiveCfg = Release|x86
		{E73EC4D1-E6AE-4ED1-B83F-252873A6FD91}.Release|Mixed Platforms.ActiveCfg = Release|x86
		{E73EC4D1-E6AE-4ED1-B83F-252873A6FD91}.Release|Mixed Platforms.Build.0 = Release|x86
		{E73EC4D1-E6AE-4ED1-B83F-252873A6FD91}.Release|x86.ActiveCfg = Release|x86
		{E73EC4D1-E6AE-4ED1-B83F-252873A6FD91}.Release|x86.Build.0 = Release|x86
		{07AC7071-1305-4A59-A832-6EFEA392BF08}.Debug|.NET.ActiveCfg = Debug|x86
		{07AC7071-1305-4A59-A832-6EFEA392BF08}.Debug|Any CPU.ActiveCfg = Debug|x86
		{07AC7071-1305-4A59-A832-6EFEA392BF08}.Debug|Mixed Platforms.ActiveCfg = Debug|x86
		{07AC7071-1305-4A59-A832-6EFEA392BF08}.Debug|Mixed Platforms.Build.0 = Debug|x86
		{07AC7071-1305-4A59-A832-6EFEA392BF08}.Debug|x86.ActiveCfg = Debug|x86
		{07AC7071-1305-4A59-A832-6EFEA392BF08}.Debug|x86.Build.0 = Debug|x86
		{07AC7071-1305-4A59-A832-6EFEA392BF08}.Release|.NET.ActiveCfg = Release|x86
		{07AC7071-1305-4A59-A832-6EFEA392BF08}.Release|Any CPU.ActiveCfg = Release|x86
		{07AC7071-1305-4A59-A832-6EFEA392BF08}.Release|Mixed Platforms.ActiveCfg = Release|x86
		{07AC7071-1305-4A59-A832-6EFEA392BF08}.Release|Mixed Platforms.Build.0 = Release|x86
		{07AC7071-1305-4A59-A832-6EFEA392BF08}.Release|x86.ActiveCfg = Release|x86
		{07AC7071-1305-4A59-A832-6EFEA392BF08}.Release|x86.Build.0 = Release|x86
		{16936612-978A-4885-BC57-1876B75C288A}.Debug|.NET.ActiveCfg = Debug|x86
		{16936612-978A-4885-BC57-1876B75C288A}.Debug|Any CPU.ActiveCfg = Debug|x86
		{16936612-978A-4885-BC57-1876B75C288A}.Debug|Mixed Platforms.ActiveCfg = Debug|x86
		{16936612-978A-4885-BC57-1876B75C288A}.Debug|Mixed Platforms.Build.0 = Debug|x86
		{16936612-978A-4885-BC57-1876B75C288A}.Debug|x86.ActiveCfg = Debug|x86
		{16936612-978A-4885-BC57-1876B75C288A}.Debug|x86.Build.0 = Debug|x86
		{16936612-978A-4885-BC57-1876B75C288A}.Release|.NET.ActiveCfg = Release|x86
		{16936612-978A-4885-BC57-1876B75C288A}.Release|Any CPU.ActiveCfg = Release|x86
		{16936612-978A-4885-BC57-1876B75C288A}.Release|Mixed Platforms.ActiveCfg = Release|x86
		{16936612-978A-4885-BC57-1876B75C288A}.Release|Mixed Platforms.Build.0 = Release|x86
		{16936612-978A-4885-BC57-1876B75C288A}.Release|x86.ActiveCfg = Release|x86
		{16936612-978A-4885-BC57-1876B75C288A}.Release|x86.Build.0 = Release|x86
		{7A11A978-CE9B-4C6A-9EF7-13E2403B6832}.Debug|.NET.ActiveCfg = Debug|x86
		{7A11A978-CE9B-4C6A-9EF7-13E2403B6832}.Debug|Any CPU.ActiveCfg = Debug|x86
		{7A11A978-CE9B-4C6A-9EF7-13E2403B6832}.Debug|Mixed Platforms.ActiveCfg = Debug|x86
		{7A11A978-CE9B-4C6A-9EF7-13E2403B6832}.Debug|Mixed Platforms.Build.0 = Debug|x86
		{7A11A978-CE9B-4C6A-9EF7-13E2403B6832}.Debug|x86.ActiveCfg = Debug|x86
		{7A11A978-CE9B-4C6A-9EF7-13E2403B6832}.Debug|x86.Build.0 = Debug|x86
		{7A11A978-CE9B-4C6A-9EF7-13E2403B6832}.Release|.NET.ActiveCfg = Release|x86
		{7A11A978-CE9B-4C6A-9EF7-13E2403B6832}.Release|Any CPU.ActiveCfg = Release|x86
		{7A11A978-CE9B-4C6A-9EF7-13E2403B6832}.Release|Mixed Platforms.ActiveCfg = Release|x86
		{7A11A978-CE9B-4C6A-9EF7-13E2403B6832}.Release|Mixed Platforms.Build.0 = Release|x86
		{7A11A978-CE9B-4C6A-9EF7-13E2403B6832}.Release|x86.ActiveCfg = Release|x86
		{7A11A978-CE9B-4C6A-9EF7-13E2403B6832}.Release|x86.Build.0 = Release|x86
		{25DBB65B-FA10-4200-8DDE-27A8C19B79EB}.Debug|.NET.ActiveCfg = Debug|x86
		{25DBB65B-FA10-4200-8DDE-27A8C19B79EB}.Debug|Any CPU.ActiveCfg = Debug|x86
		{25DBB65B-FA10-4200-8DDE-27A8C19B79EB}.Debug|Mixed Platforms.ActiveCfg = Debug|x86
		{25DBB65B-FA10-4200-8DDE-27A8C19B79EB}.Debug|Mixed Platforms.Build.0 = Debug|x86
		{25DBB65B-FA10-4200-8DDE-27A8C19B79EB}.Debug|x86.ActiveCfg = Debug|x86
		{25DBB65B-FA10-4200-8DDE-27A8C19B79EB}.Debug|x86.Build.0 = Debug|x86
		{25DBB65B-FA10-4200-8DDE-27A8C19B79EB}.Release|.NET.ActiveCfg = Release|x86
		{25DBB65B-FA10-4200-8DDE-27A8C19B79EB}.Release|Any CPU.ActiveCfg = Release|x86
		{25DBB65B-FA10-4200-8DDE-27A8C19B79EB}.Release|Mixed Platforms.ActiveCfg = Release|x86
		{25DBB65B-FA10-4200-8DDE-27A8C19B79EB}.Release|Mixed Platforms.Build.0 = Release|x86
		{25DBB65B-FA10-4200-8DDE-27A8C19B79EB}.Release|x86.ActiveCfg = Release|x86
		{25DBB65B-FA10-4200-8DDE-27A8C19B79EB}.Release|x86.Build.0 = Release|x86
		{CEFE297D-1C57-41B7-B433-AF66E2F274A7}.Debug|.NET.ActiveCfg = Debug|x86
		{CEFE297D-1C57-41B7-B433-AF66E2F274A7}.Debug|Any CPU.ActiveCfg = Debug|x86
		{CEFE297D-1C57-41B7-B433-AF66E2F274A7}.Debug|Mixed Platforms.ActiveCfg = Debug|x86
		{CEFE297D-1C57-41B7-B433-AF66E2F274A7}.Debug|Mixed Platforms.Build.0 = Debug|x86
		{CEFE297D-1C57-41B7-B433-AF66E2F274A7}.Debug|x86.ActiveCfg = Debug|x86
		{CEFE297D-1C57-41B7-B433-AF66E2F274A7}.Debug|x86.Build.0 = Debug|x86
		{CEFE297D-1C57-41B7-B433-AF66E2F274A7}.Release|.NET.ActiveCfg = Release|x86
		{CEFE297D-1C57-41B7-B433-AF66E2F274A7}.Release|Any CPU.ActiveCfg = Release|x86
		{CEFE297D-1C57-41B7-B433-AF66E2F274A7}.Release|Mixed Platforms.ActiveCfg = Release|x86
		{CEFE297D-1C57-41B7-B433-AF66E2F274A7}.Release|Mixed Platforms.Build.0 = Release|x86
		{CEFE297D-1C57-41B7-B433-AF66E2F274A7}.Release|x86.ActiveCfg = Release|x86
		{CEFE297D-1C57-41B7-B433-AF66E2F274A7}.Release|x86.Build.0 = Release|x86
		{96601422-F5A9-4A0A-8799-291052193F9E}.Debug|.NET.ActiveCfg = Debug|x86
		{96601422-F5A9-4A0A-8799-291052193F9E}.Debug|Any CPU.ActiveCfg = Debug|x86
		{96601422-F5A9-4A0A-8799-291052193F9E}.Debug|Mixed Platforms.ActiveCfg = Debug|x86
		{96601422-F5A9-4A0A-8799-291052193F9E}.Debug|Mixed Platforms.Build.0 = Debug|x86
		{96601422-F5A9-4A0A-8799-291052193F9E}.Debug|x86.ActiveCfg = Debug|x86
		{96601422-F5A9-4A0A-8799-291052193F9E}.Debug|x86.Build.0 = Debug|x86
		{96601422-F5A9-4A0A-8799-291052193F9E}.Release|.NET.ActiveCfg = Release|x86
		{96601422-F5A9-4A0A-8799-291052193F9E}.Release|Any CPU.ActiveCfg = Release|x86
		{96601422-F5A9-4A0A-8799-291052193F9E}.Release|Mixed Platforms.ActiveCfg = Release|x86
		{96601422-F5A9-4A0A-8799-291052193F9E}.Release|Mixed Platforms.Build.0 = Release|x86
		{96601422-F5A9-4A0A-8799-291052193F9E}.Release|x86.ActiveCfg = Release|x86
		{96601422-F5A9-4A0A-8799-291052193F9E}.Release|x86.Build.0 = Release|x86
		{70D91232-B4CC-4CCF-8F6F-E138F5A5CE79}.Debug|.NET.ActiveCfg = Debug|x86
		{70D91232-B4CC-4CCF-8F6F-E138F5A5CE79}.Debug|Any CPU.ActiveCfg = Debug|x86
		{70D91232-B4CC-4CCF-8F6F-E138F5A5CE79}.Debug|Mixed Platforms.ActiveCfg = Debug|x86
		{70D91232-B4CC-4CCF-8F6F-E138F5A5CE79}.Debug|Mixed Platforms.Build.0 = Debug|x86
		{70D91232-B4CC-4CCF-8F6F-E138F5A5CE79}.Debug|x86.ActiveCfg = Debug|x86
		{70D91232-B4CC-4CCF-8F6F-E138F5A5CE79}.Debug|x86.Build.0 = Debug|x86
		{70D91232-B4CC-4CCF-8F6F-E138F5A5CE79}.Release|.NET.ActiveCfg = Release|x86
		{70D91232-B4CC-4CCF-8F6F-E138F5A5CE79}.Release|Any CPU.ActiveCfg = Release|x86
		{70D91232-B4CC-4CCF-8F6F-E138F5A5CE79}.Release|Mixed Platforms.ActiveCfg = Release|x86
		{70D91232-B4CC-4CCF-8F6F-E138F5A5CE79}.Release|Mixed Platforms.Build.0 = Release|x86
		{70D91232-B4CC-4CCF-8F6F-E138F5A5CE79}.Release|x86.ActiveCfg = Release|x86
		{70D91232-B4CC-4CCF-8F6F-E138F5A5CE79}.Release|x86.Build.0 = Release|x86
		{BE16125B-B226-4B9F-A503-21C0624DD74C}.Debug|.NET.ActiveCfg = Debug|x86
		{BE16125B-B226-4B9F-A503-21C0624DD74C}.Debug|Any CPU.ActiveCfg = Debug|x86
		{BE16125B-B226-4B9F-A503-21C0624DD74C}.Debug|Mixed Platforms.ActiveCfg = Debug|x86
		{BE16125B-B226-4B9F-A503-21C0624DD74C}.Debug|Mixed Platforms.Build.0 = Debug|x86
		{BE16125B-B226-4B9F-A503-21C0624DD74C}.Debug|x86.ActiveCfg = Debug|x86
		{BE16125B-B226-4B9F-A503-21C0624DD74C}.Debug|x86.Build.0 = Debug|x86
		{BE16125B-B226-4B9F-A503-21C0624DD74C}.Release|.NET.ActiveCfg = Release|x86
		{BE16125B-B226-4B9F-A503-21C0624DD74C}.Release|Any CPU.ActiveCfg = Release|x86
		{BE16125B-B226-4B9F-A503-21C0624DD74C}.Release|Mixed Platforms.ActiveCfg = Release|x86
		{BE16125B-B226-4B9F-A503-21C0624DD74C}.Release|Mixed Platforms.Build.0 = Release|x86
		{BE16125B-B226-4B9F-A503-21C0624DD74C}.Release|x86.ActiveCfg = Release|x86
		{BE16125B-B226-4B9F-A503-21C0624DD74C}.Release|x86.Build.0 = Release|x86
		{EFF260F8-F116-4704-8DE3-C229114C3FD7}.Debug|.NET.ActiveCfg = Debug|x86
		{EFF260F8-F116-4704-8DE3-C229114C3FD7}.Debug|Any CPU.ActiveCfg = Debug|x86
		{EFF260F8-F116-4704-8DE3-C229114C3FD7}.Debug|Mixed Platforms.ActiveCfg = Debug|x86
		{EFF260F8-F116-4704-8DE3-C229114C3FD7}.Debug|Mixed Platforms.Build.0 = Debug|x86
		{EFF260F8-F116-4704-8DE3-C229114C3FD7}.Debug|x86.ActiveCfg = Debug|x86
		{EFF260F8-F116-4704-8DE3-C229114C3FD7}.Debug|x86.Build.0 = Debug|x86
		{EFF260F8-F116-4704-8DE3-C229114C3FD7}.Release|.NET.ActiveCfg = Release|x86
		{EFF260F8-F116-4704-8DE3-C229114C3FD7}.Release|Any CPU.ActiveCfg = Release|x86
		{EFF260F8-F116-4704-8DE3-C229114C3FD7}.Release|Mixed Platforms.ActiveCfg = Release|x86
		{EFF260F8-F116-4704-8DE3-C229114C3FD7}.Release|Mixed Platforms.Build.0 = Release|x86
		{EFF260F8-F116-4704-8DE3-C229114C3FD7}.Release|x86.ActiveCfg = Release|x86
		{EFF260F8-F116-4704-8DE3-C229114C3FD7}.Release|x86.Build.0 = Release|x86
		{4E12BCCB-C408-4E33-B81D-B699043B278D}.Debug|.NET.ActiveCfg = Debug|x86
		{4E12BCCB-C408-4E33-B81D-B699043B278D}.Debug|Any CPU.ActiveCfg = Debug|x86
		{4E12BCCB-C408-4E33-B81D-B699043B278D}.Debug|Mixed Platforms.ActiveCfg = Debug|x86
		{4E12BCCB-C408-4E33-B81D-B699043B278D}.Debug|Mixed Platforms.Build.0 = Debug|x86
		{4E12BCCB-C408-4E33-B81D-B699043B278D}.Debug|x86.ActiveCfg = Debug|x86
		{4E12BCCB-C408-4E33-B81D-B699043B278D}.Debug|x86.Build.0 = Debug|x86
		{4E12BCCB-C408-4E33-B81D-B699043B278D}.Release|.NET.ActiveCfg = Release|x86
		{4E12BCCB-C408-4E33-B81D-B699043B278D}.Release|Any CPU.ActiveCfg = Release|x86
		{4E12BCCB-C408-4E33-B81D-B699043B278D}.Release|Mixed Platforms.ActiveCfg = Release|x86
		{4E12BCCB-C408-4E33-B81D-B699043B278D}.Release|Mixed Platforms.Build.0 = Release|x86
		{4E12BCCB-C408-4E33-B81D-B699043B278D}.Release|x86.ActiveCfg = Release|x86
		{4E12BCCB-C408-4E33-B81D-B699043B278D}.Release|x86.Build.0 = Release|x86
		{598D1A7F-C0A0-403E-AD5C-97D6153EC810}.Debug|.NET.ActiveCfg = Debug|x86
		{598D1A7F-C0A0-403E-AD5C-97D6153EC810}.Debug|Any CPU.ActiveCfg = Debug|x86
		{598D1A7F-C0A0-403E-AD5C-97D6153EC810}.Debug|Mixed Platforms.ActiveCfg = Debug|x86
		{598D1A7F-C0A0-403E-AD5C-97D6153EC810}.Debug|Mixed Platforms.Build.0 = Debug|x86
		{598D1A7F-C0A0-403E-AD5C-97D6153EC810}.Debug|x86.ActiveCfg = Debug|x86
		{598D1A7F-C0A0-403E-AD5C-97D6153EC810}.Debug|x86.Build.0 = Debug|x86
		{598D1A7F-C0A0-403E-AD5C-97D6153EC810}.Release|.NET.ActiveCfg = Release|x86
		{598D1A7F-C0A0-403E-AD5C-97D6153EC810}.Release|Any CPU.ActiveCfg = Release|x86
		{598D1A7F-C0A0-403E-AD5C-97D6153EC810}.Release|Mixed Platforms.ActiveCfg = Release|x86
		{598D1A7F-C0A0-403E-AD5C-97D6153EC810}.Release|Mixed Platforms.Build.0 = Release|x86
		{598D1A7F-C0A0-403E-AD5C-97D6153EC810}.Release|x86.ActiveCfg = Release|x86
		{598D1A7F-C0A0-403E-AD5C-97D6153EC810}.Release|x86.Build.0 = Release|x86
		{9A708631-C495-4293-9734-209D34FD7E4A}.Debug|.NET.ActiveCfg = Debug|x86
		{9A708631-C495-4293-9734-209D34FD7E4A}.Debug|Any CPU.ActiveCfg = Debug|x86
		{9A708631-C495-4293-9734-209D34FD7E4A}.Debug|Mixed Platforms.ActiveCfg = Debug|x86
		{9A708631-C495-4293-9734-209D34FD7E4A}.Debug|Mixed Platforms.Build.0 = Debug|x86
		{9A708631-C495-4293-9734-209D34FD7E4A}.Debug|x86.ActiveCfg = Debug|x86
		{9A708631-C495-4293-9734-209D34FD7E4A}.Debug|x86.Build.0 = Debug|x86
		{9A708631-C495-4293-9734-209D34FD7E4A}.Release|.NET.ActiveCfg = Release|x86
		{9A708631-C495-4293-9734-209D34FD7E4A}.Release|Any CPU.ActiveCfg = Release|x86
		{9A708631-C495-4293-9734-209D34FD7E4A}.Release|Mixed Platforms.ActiveCfg = Release|x86
		{9A708631-C495-4293-9734-209D34FD7E4A}.Release|Mixed Platforms.Build.0 = Release|x86
		{9A708631-C495-4293-9734-209D34FD7E4A}.Release|x86.ActiveCfg = Release|x86
		{9A708631-C495-4293-9734-209D34FD7E4A}.Release|x86.Build.0 = Release|x86
		{458E6941-187C-42A9-ACD6-83D78C7B83A2}.Debug|.NET.ActiveCfg = Debug|x86
		{458E6941-187C-42A9-ACD6-83D78C7B83A2}.Debug|Any CPU.ActiveCfg = Debug|x86
		{458E6941-187C-42A9-ACD6-83D78C7B83A2}.Debug|Mixed Platforms.ActiveCfg = Debug|x86
		{458E6941-187C-42A9-ACD6-83D78C7B83A2}.Debug|Mixed Platforms.Build.0 = Debug|x86
		{458E6941-187C-42A9-ACD6-83D78C7B83A2}.Debug|x86.ActiveCfg = Debug|x86
		{458E6941-187C-42A9-ACD6-83D78C7B83A2}.Debug|x86.Build.0 = Debug|x86
		{458E6941-187C-42A9-ACD6-83D78C7B83A2}.Release|.NET.ActiveCfg = Release|x86
		{458E6941-187C-42A9-ACD6-83D78C7B83A2}.Release|Any CPU.ActiveCfg = Release|x86
		{458E6941-187C-42A9-ACD6-83D78C7B83A2}.Release|Mixed Platforms.ActiveCfg = Release|x86
		{458E6941-187C-42A9-ACD6-83D78C7B83A2}.Release|Mixed Platforms.Build.0 = Release|x86
		{458E6941-187C-42A9-ACD6-83D78C7B83A2}.Release|x86.ActiveCfg = Release|x86
		{458E6941-187C-42A9-ACD6-83D78C7B83A2}.Release|x86.Build.0 = Release|x86
		{FFF66FAC-ECAF-4ABB-B45B-624B05D016FE}.Debug|.NET.ActiveCfg = Debug|x86
		{FFF66FAC-ECAF-4ABB-B45B-624B05D016FE}.Debug|Any CPU.ActiveCfg = Debug|x86
		{FFF66FAC-ECAF-4ABB-B45B-624B05D016FE}.Debug|Mixed Platforms.ActiveCfg = Debug|x86
		{FFF66FAC-ECAF-4ABB-B45B-624B05D016FE}.Debug|Mixed Platforms.Build.0 = Debug|x86
		{FFF66FAC-ECAF-4ABB-B45B-624B05D016FE}.Debug|x86.ActiveCfg = Debug|x86
		{FFF66FAC-ECAF-4ABB-B45B-624B05D016FE}.Debug|x86.Build.0 = Debug|x86
		{FFF66FAC-ECAF-4ABB-B45B-624B05D016FE}.Release|.NET.ActiveCfg = Release|x86
		{FFF66FAC-ECAF-4ABB-B45B-624B05D016FE}.Release|Any CPU.ActiveCfg = Release|x86
		{FFF66FAC-ECAF-4ABB-B45B-624B05D016FE}.Release|Mixed Platforms.ActiveCfg = Release|x86
		{FFF66FAC-ECAF-4ABB-B45B-624B05D016FE}.Release|Mixed Platforms.Build.0 = Release|x86
		{FFF66FAC-ECAF-4ABB-B45B-624B05D016FE}.Release|x86.ActiveCfg = Release|x86
		{FFF66FAC-ECAF-4ABB-B45B-624B05D016FE}.Release|x86.Build.0 = Release|x86
		{B9106223-6E86-45D3-8952-3B2985657B5D}.Debug|.NET.ActiveCfg = Debug|x86
		{B9106223-6E86-45D3-8952-3B2985657B5D}.Debug|Any CPU.ActiveCfg = Debug|x86
		{B9106223-6E86-45D3-8952-3B2985657B5D}.Debug|Mixed Platforms.ActiveCfg = Debug|x86
		{B9106223-6E86-45D3-8952-3B2985657B5D}.Debug|Mixed Platforms.Build.0 = Debug|x86
		{B9106223-6E86-45D3-8952-3B2985657B5D}.Debug|x86.ActiveCfg = Debug|x86
		{B9106223-6E86-45D3-8952-3B2985657B5D}.Debug|x86.Build.0 = Debug|x86
		{B9106223-6E86-45D3-8952-3B2985657B5D}.Release|.NET.ActiveCfg = Release|x86
		{B9106223-6E86-45D3-8952-3B2985657B5D}.Release|Any CPU.ActiveCfg = Release|x86
		{B9106223-6E86-45D3-8952-3B2985657B5D}.Release|Mixed Platforms.ActiveCfg = Release|x86
		{B9106223-6E86-45D3-8952-3B2985657B5D}.Release|Mixed Platforms.Build.0 = Release|x86
		{B9106223-6E86-45D3-8952-3B2985657B5D}.Release|x86.ActiveCfg = Release|x86
		{B9106223-6E86-45D3-8952-3B2985657B5D}.Release|x86.Build.0 = Release|x86
		{F9315288-B41E-43A3-8EC1-6AEE3BF3F6E5}.Debug|.NET.ActiveCfg = Debug|x86
		{F9315288-B41E-43A3-8EC1-6AEE3BF3F6E5}.Debug|Any CPU.ActiveCfg = Debug|x86
		{F9315288-B41E-43A3-8EC1-6AEE3BF3F6E5}.Debug|Mixed Platforms.ActiveCfg = Debug|x86
		{F9315288-B41E-43A3-8EC1-6AEE3BF3F6E5}.Debug|Mixed Platforms.Build.0 = Debug|x86
		{F9315288-B41E-43A3-8EC1-6AEE3BF3F6E5}.Debug|x86.ActiveCfg = Debug|x86
		{F9315288-B41E-43A3-8EC1-6AEE3BF3F6E5}.Debug|x86.Build.0 = Debug|x86
		{F9315288-B41E-43A3-8EC1-6AEE3BF3F6E5}.Release|.NET.ActiveCfg = Release|x86
		{F9315288-B41E-43A3-8EC1-6AEE3BF3F6E5}.Release|Any CPU.ActiveCfg = Release|x86
		{F9315288-B41E-43A3-8EC1-6AEE3BF3F6E5}.Release|Mixed Platforms.ActiveCfg = Release|x86
		{F9315288-B41E-43A3-8EC1-6AEE3BF3F6E5}.Release|Mixed Platforms.Build.0 = Release|x86
		{F9315288-B41E-43A3-8EC1-6AEE3BF3F6E5}.Release|x86.ActiveCfg = Release|x86
		{F9315288-B41E-43A3-8EC1-6AEE3BF3F6E5}.Release|x86.Build.0 = Release|x86
		{9AA166C9-AE8A-4340-8CB7-25BB99E7B3A4}.Debug|.NET.ActiveCfg = Debug|x86
		{9AA166C9-AE8A-4340-8CB7-25BB99E7B3A4}.Debug|Any CPU.ActiveCfg = Debug|x86
		{9AA166C9-AE8A-4340-8CB7-25BB99E7B3A4}.Debug|Mixed Platforms.ActiveCfg = Debug|x86
		{9AA166C9-AE8A-4340-8CB7-25BB99E7B3A4}.Debug|Mixed Platforms.Build.0 = Debug|x86
		{9AA166C9-AE8A-4340-8CB7-25BB99E7B3A4}.Debug|x86.ActiveCfg = Debug|x86
		{9AA166C9-AE8A-4340-8CB7-25BB99E7B3A4}.Debug|x86.Build.0 = Debug|x86
		{9AA166C9-AE8A-4340-8CB7-25BB99E7B3A4}.Release|.NET.ActiveCfg = Release|x86
		{9AA166C9-AE8A-4340-8CB7-25BB99E7B3A4}.Release|Any CPU.ActiveCfg = Release|x86
		{9AA166C9-AE8A-4340-8CB7-25BB99E7B3A4}.Release|Mixed Platforms.ActiveCfg = Release|x86
		{9AA166C9-AE8A-4340-8CB7-25BB99E7B3A4}.Release|Mixed Platforms.Build.0 = Release|x86
		{9AA166C9-AE8A-4340-8CB7-25BB99E7B3A4}.Release|x86.ActiveCfg = Release|x86
		{9AA166C9-AE8A-4340-8CB7-25BB99E7B3A4}.Release|x86.Build.0 = Release|x86
		{56FF93CC-984A-4825-B202-85FC0D8BC89F}.Debug|.NET.ActiveCfg = Debug|x86
		{56FF93CC-984A-4825-B202-85FC0D8BC89F}.Debug|Any CPU.ActiveCfg = Debug|x86
		{56FF93CC-984A-4825-B202-85FC0D8BC89F}.Debug|Mixed Platforms.ActiveCfg = Debug|x86
		{56FF93CC-984A-4825-B202-85FC0D8BC89F}.Debug|Mixed Platforms.Build.0 = Debug|x86
		{56FF93CC-984A-4825-B202-85FC0D8BC89F}.Debug|x86.ActiveCfg = Debug|x86
		{56FF93CC-984A-4825-B202-85FC0D8BC89F}.Debug|x86.Build.0 = Debug|x86
		{56FF93CC-984A-4825-B202-85FC0D8BC89F}.Release|.NET.ActiveCfg = Release|x86
		{56FF93CC-984A-4825-B202-85FC0D8BC89F}.Release|Any CPU.ActiveCfg = Release|x86
		{56FF93CC-984A-4825-B202-85FC0D8BC89F}.Release|Mixed Platforms.ActiveCfg = Release|x86
		{56FF93CC-984A-4825-B202-85FC0D8BC89F}.Release|Mixed Platforms.Build.0 = Release|x86
		{56FF93CC-984A-4825-B202-85FC0D8BC89F}.Release|x86.ActiveCfg = Release|x86
		{56FF93CC-984A-4825-B202-85FC0D8BC89F}.Release|x86.Build.0 = Release|x86
		{5D0D2D72-0DD5-4EAF-A1BE-14BEA64E7A60}.Debug|.NET.ActiveCfg = Debug|x86
		{5D0D2D72-0DD5-4EAF-A1BE-14BEA64E7A60}.Debug|Any CPU.ActiveCfg = Debug|x86
		{5D0D2D72-0DD5-4EAF-A1BE-14BEA64E7A60}.Debug|Mixed Platforms.ActiveCfg = Debug|x86
		{5D0D2D72-0DD5-4EAF-A1BE-14BEA64E7A60}.Debug|Mixed Platforms.Build.0 = Debug|x86
		{5D0D2D72-0DD5-4EAF-A1BE-14BEA64E7A60}.Debug|x86.ActiveCfg = Debug|x86
		{5D0D2D72-0DD5-4EAF-A1BE-14BEA64E7A60}.Debug|x86.Build.0 = Debug|x86
		{5D0D2D72-0DD5-4EAF-A1BE-14BEA64E7A60}.Release|.NET.ActiveCfg = Release|x86
		{5D0D2D72-0DD5-4EAF-A1BE-14BEA64E7A60}.Release|Any CPU.ActiveCfg = Release|x86
		{5D0D2D72-0DD5-4EAF-A1BE-14BEA64E7A60}.Release|Mixed Platforms.ActiveCfg = Release|x86
		{5D0D2D72-0DD5-4EAF-A1BE-14BEA64E7A60}.Release|Mixed Platforms.Build.0 = Release|x86
		{5D0D2D72-0DD5-4EAF-A1BE-14BEA64E7A60}.Release|x86.ActiveCfg = Release|x86
		{5D0D2D72-0DD5-4EAF-A1BE-14BEA64E7A60}.Release|x86.Build.0 = Release|x86
		{E26B784D-4767-451C-98E4-524FBFFA32EF}.Debug|.NET.ActiveCfg = Debug|x86
		{E26B784D-4767-451C-98E4-524FBFFA32EF}.Debug|Any CPU.ActiveCfg = Debug|x86
		{E26B784D-4767-451C-98E4-524FBFFA32EF}.Debug|Mixed Platforms.ActiveCfg = Debug|x86
		{E26B784D-4767-451C-98E4-524FBFFA32EF}.Debug|Mixed Platforms.Build.0 = Debug|x86
		{E26B784D-4767-451C-98E4-524FBFFA32EF}.Debug|x86.ActiveCfg = Debug|x86
		{E26B784D-4767-451C-98E4-524FBFFA32EF}.Debug|x86.Build.0 = Debug|x86
		{E26B784D-4767-451C-98E4-524FBFFA32EF}.Release|.NET.ActiveCfg = Release|x86
		{E26B784D-4767-451C-98E4-524FBFFA32EF}.Release|Any CPU.ActiveCfg = Release|x86
		{E26B784D-4767-451C-98E4-524FBFFA32EF}.Release|Mixed Platforms.ActiveCfg = Release|x86
		{E26B784D-4767-451C-98E4-524FBFFA32EF}.Release|Mixed Platforms.Build.0 = Release|x86
		{E26B784D-4767-451C-98E4-524FBFFA32EF}.Release|x86.ActiveCfg = Release|x86
		{E26B784D-4767-451C-98E4-524FBFFA32EF}.Release|x86.Build.0 = Release|x86
		{0971545C-03E1-44B1-A4CF-68DB2CF250C8}.Debug|.NET.ActiveCfg = Debug|x86
		{0971545C-03E1-44B1-A4CF-68DB2CF250C8}.Debug|Any CPU.ActiveCfg = Debug|x86
		{0971545C-03E1-44B1-A4CF-68DB2CF250C8}.Debug|Mixed Platforms.ActiveCfg = Debug|x86
		{0971545C-03E1-44B1-A4CF-68DB2CF250C8}.Debug|Mixed Platforms.Build.0 = Debug|x86
		{0971545C-03E1-44B1-A4CF-68DB2CF250C8}.Debug|x86.ActiveCfg = Debug|x86
		{0971545C-03E1-44B1-A4CF-68DB2CF250C8}.Debug|x86.Build.0 = Debug|x86
		{0971545C-03E1-44B1-A4CF-68DB2CF250C8}.Release|.NET.ActiveCfg = Release|x86
		{0971545C-03E1-44B1-A4CF-68DB2CF250C8}.Release|Any CPU.ActiveCfg = Release|x86
		{0971545C-03E1-44B1-A4CF-68DB2CF250C8}.Release|Mixed Platforms.ActiveCfg = Release|x86
		{0971545C-03E1-44B1-A4CF-68DB2CF250C8}.Release|Mixed Platforms.Build.0 = Release|x86
		{0971545C-03E1-44B1-A4CF-68DB2CF250C8}.Release|x86.ActiveCfg = Release|x86
		{0971545C-03E1-44B1-A4CF-68DB2CF250C8}.Release|x86.Build.0 = Release|x86
		{2F98D6D6-8A2F-4DC3-886A-D5610EBB779D}.Debug|.NET.ActiveCfg = Debug|x86
		{2F98D6D6-8A2F-4DC3-886A-D5610EBB779D}.Debug|Any CPU.ActiveCfg = Debug|x86
		{2F98D6D6-8A2F-4DC3-886A-D5610EBB779D}.Debug|Mixed Platforms.ActiveCfg = Debug|x86
		{2F98D6D6-8A2F-4DC3-886A-D5610EBB779D}.Debug|Mixed Platforms.Build.0 = Debug|x86
		{2F98D6D6-8A2F-4DC3-886A-D5610EBB779D}.Debug|x86.ActiveCfg = Debug|x86
		{2F98D6D6-8A2F-4DC3-886A-D5610EBB779D}.Debug|x86.Build.0 = Debug|x86
		{2F98D6D6-8A2F-4DC3-886A-D5610EBB779D}.Release|.NET.ActiveCfg = Release|x86
		{2F98D6D6-8A2F-4DC3-886A-D5610EBB779D}.Release|Any CPU.ActiveCfg = Release|x86
		{2F98D6D6-8A2F-4DC3-886A-D5610EBB779D}.Release|Mixed Platforms.ActiveCfg = Release|x86
		{2F98D6D6-8A2F-4DC3-886A-D5610EBB779D}.Release|Mixed Platforms.Build.0 = Release|x86
		{2F98D6D6-8A2F-4DC3-886A-D5610EBB779D}.Release|x86.ActiveCfg = Release|x86
		{2F98D6D6-8A2F-4DC3-886A-D5610EBB779D}.Release|x86.Build.0 = Release|x86
		{0BAB4C2A-39D8-4E7F-8D99-24C9976AA43B}.Debug|.NET.ActiveCfg = Debug|x86
		{0BAB4C2A-39D8-4E7F-8D99-24C9976AA43B}.Debug|Any CPU.ActiveCfg = Debug|x86
		{0BAB4C2A-39D8-4E7F-8D99-24C9976AA43B}.Debug|Mixed Platforms.ActiveCfg = Debug|x86
		{0BAB4C2A-39D8-4E7F-8D99-24C9976AA43B}.Debug|Mixed Platforms.Build.0 = Debug|x86
		{0BAB4C2A-39D8-4E7F-8D99-24C9976AA43B}.Debug|x86.ActiveCfg = Debug|x86
		{0BAB4C2A-39D8-4E7F-8D99-24C9976AA43B}.Debug|x86.Build.0 = Debug|x86
		{0BAB4C2A-39D8-4E7F-8D99-24C9976AA43B}.Release|.NET.ActiveCfg = Release|x86
		{0BAB4C2A-39D8-4E7F-8D99-24C9976AA43B}.Release|Any CPU.ActiveCfg = Release|x86
		{0BAB4C2A-39D8-4E7F-8D99-24C9976AA43B}.Release|Mixed Platforms.ActiveCfg = Release|x86
		{0BAB4C2A-39D8-4E7F-8D99-24C9976AA43B}.Release|Mixed Platforms.Build.0 = Release|x86
		{0BAB4C2A-39D8-4E7F-8D99-24C9976AA43B}.Release|x86.ActiveCfg = Release|x86
		{0BAB4C2A-39D8-4E7F-8D99-24C9976AA43B}.Release|x86.Build.0 = Release|x86
		{97659D32-C1A1-47DE-9508-68B426BA96CB}.Debug|.NET.ActiveCfg = Debug|x86
		{97659D32-C1A1-47DE-9508-68B426BA96CB}.Debug|Any CPU.ActiveCfg = Debug|x86
		{97659D32-C1A1-47DE-9508-68B426BA96CB}.Debug|Mixed Platforms.ActiveCfg = Debug|x86
		{97659D32-C1A1-47DE-9508-68B426BA96CB}.Debug|Mixed Platforms.Build.0 = Debug|x86
		{97659D32-C1A1-47DE-9508-68B426BA96CB}.Debug|x86.ActiveCfg = Debug|x86
		{97659D32-C1A1-47DE-9508-68B426BA96CB}.Debug|x86.Build.0 = Debug|x86
		{97659D32-C1A1-47DE-9508-68B426BA96CB}.Release|.NET.ActiveCfg = Release|x86
		{97659D32-C1A1-47DE-9508-68B426BA96CB}.Release|Any CPU.ActiveCfg = Release|x86
		{97659D32-C1A1-47DE-9508-68B426BA96CB}.Release|Mixed Platforms.ActiveCfg = Release|x86
		{97659D32-C1A1-47DE-9508-68B426BA96CB}.Release|Mixed Platforms.Build.0 = Release|x86
		{97659D32-C1A1-47DE-9508-68B426BA96CB}.Release|x86.ActiveCfg = Release|x86
		{97659D32-C1A1-47DE-9508-68B426BA96CB}.Release|x86.Build.0 = Release|x86
		{FB6117D9-DBE2-4385-9B7F-7DB8EADD3FAD}.Debug|.NET.ActiveCfg = Debug|x86
		{FB6117D9-DBE2-4385-9B7F-7DB8EADD3FAD}.Debug|Any CPU.ActiveCfg = Debug|x86
		{FB6117D9-DBE2-4385-9B7F-7DB8EADD3FAD}.Debug|Mixed Platforms.ActiveCfg = Debug|x86
		{FB6117D9-DBE2-4385-9B7F-7DB8EADD3FAD}.Debug|Mixed Platforms.Build.0 = Debug|x86
		{FB6117D9-DBE2-4385-9B7F-7DB8EADD3FAD}.Debug|x86.ActiveCfg = Debug|x86
		{FB6117D9-DBE2-4385-9B7F-7DB8EADD3FAD}.Debug|x86.Build.0 = Debug|x86
		{FB6117D9-DBE2-4385-9B7F-7DB8EADD3FAD}.Release|.NET.ActiveCfg = Release|x86
		{FB6117D9-DBE2-4385-9B7F-7DB8EADD3FAD}.Release|Any CPU.ActiveCfg = Release|x86
		{FB6117D9-DBE2-4385-9B7F-7DB8EADD3FAD}.Release|Mixed Platforms.ActiveCfg = Release|x86
		{FB6117D9-DBE2-4385-9B7F-7DB8EADD3FAD}.Release|Mixed Platforms.Build.0 = Release|x86
		{FB6117D9-DBE2-4385-9B7F-7DB8EADD3FAD}.Release|x86.ActiveCfg = Release|x86
		{FB6117D9-DBE2-4385-9B7F-7DB8EADD3FAD}.Release|x86.Build.0 = Release|x86
		{5F5901EA-A978-4468-A1E7-AFD0575D76FE}.Debug|.NET.ActiveCfg = Debug|x86
		{5F5901EA-A978-4468-A1E7-AFD0575D76FE}.Debug|Any CPU.ActiveCfg = Debug|x86
		{5F5901EA-A978-4468-A1E7-AFD0575D76FE}.Debug|Mixed Platforms.ActiveCfg = Debug|x86
		{5F5901EA-A978-4468-A1E7-AFD0575D76FE}.Debug|Mixed Platforms.Build.0 = Debug|x86
		{5F5901EA-A978-4468-A1E7-AFD0575D76FE}.Debug|x86.ActiveCfg = Debug|x86
		{5F5901EA-A978-4468-A1E7-AFD0575D76FE}.Debug|x86.Build.0 = Debug|x86
		{5F5901EA-A978-4468-A1E7-AFD0575D76FE}.Release|.NET.ActiveCfg = Release|x86
		{5F5901EA-A978-4468-A1E7-AFD0575D76FE}.Release|Any CPU.ActiveCfg = Release|x86
		{5F5901EA-A978-4468-A1E7-AFD0575D76FE}.Release|Mixed Platforms.ActiveCfg = Release|x86
		{5F5901EA-A978-4468-A1E7-AFD0575D76FE}.Release|Mixed Platforms.Build.0 = Release|x86
		{5F5901EA-A978-4468-A1E7-AFD0575D76FE}.Release|x86.ActiveCfg = Release|x86
		{5F5901EA-A978-4468-A1E7-AFD0575D76FE}.Release|x86.Build.0 = Release|x86
		{0D22B40B-BE3B-4D73-8FF4-4086F07B5AAB}.Debug|.NET.ActiveCfg = Debug|x86
		{0D22B40B-BE3B-4D73-8FF4-4086F07B5AAB}.Debug|Any CPU.ActiveCfg = Debug|x86
		{0D22B40B-BE3B-4D73-8FF4-4086F07B5AAB}.Debug|Mixed Platforms.ActiveCfg = Debug|x86
		{0D22B40B-BE3B-4D73-8FF4-4086F07B5AAB}.Debug|Mixed Platforms.Build.0 = Debug|x86
		{0D22B40B-BE3B-4D73-8FF4-4086F07B5AAB}.Debug|x86.ActiveCfg = Debug|x86
		{0D22B40B-BE3B-4D73-8FF4-4086F07B5AAB}.Debug|x86.Build.0 = Debug|x86
		{0D22B40B-BE3B-4D73-8FF4-4086F07B5AAB}.Release|.NET.ActiveCfg = Release|x86
		{0D22B40B-BE3B-4D73-8FF4-4086F07B5AAB}.Release|Any CPU.ActiveCfg = Release|x86
		{0D22B40B-BE3B-4D73-8FF4-4086F07B5AAB}.Release|Mixed Platforms.ActiveCfg = Release|x86
		{0D22B40B-BE3B-4D73-8FF4-4086F07B5AAB}.Release|Mixed Platforms.Build.0 = Release|x86
		{0D22B40B-BE3B-4D73-8FF4-4086F07B5AAB}.Release|x86.ActiveCfg = Release|x86
		{0D22B40B-BE3B-4D73-8FF4-4086F07B5AAB}.Release|x86.Build.0 = Release|x86
		{78B9004C-E3C9-4599-A92F-CFFCDEC4F9F5}.Debug|.NET.ActiveCfg = Debug|x86
		{78B9004C-E3C9-4599-A92F-CFFCDEC4F9F5}.Debug|Any CPU.ActiveCfg = Debug|x86
		{78B9004C-E3C9-4599-A92F-CFFCDEC4F9F5}.Debug|Mixed Platforms.ActiveCfg = Debug|x86
		{78B9004C-E3C9-4599-A92F-CFFCDEC4F9F5}.Debug|Mixed Platforms.Build.0 = Debug|x86
		{78B9004C-E3C9-4599-A92F-CFFCDEC4F9F5}.Debug|x86.ActiveCfg = Debug|x86
		{78B9004C-E3C9-4599-A92F-CFFCDEC4F9F5}.Debug|x86.Build.0 = Debug|x86
		{78B9004C-E3C9-4599-A92F-CFFCDEC4F9F5}.Release|.NET.ActiveCfg = Release|x86
		{78B9004C-E3C9-4599-A92F-CFFCDEC4F9F5}.Release|Any CPU.ActiveCfg = Release|x86
		{78B9004C-E3C9-4599-A92F-CFFCDEC4F9F5}.Release|Mixed Platforms.ActiveCfg = Release|x86
		{78B9004C-E3C9-4599-A92F-CFFCDEC4F9F5}.Release|Mixed Platforms.Build.0 = Release|x86
		{78B9004C-E3C9-4599-A92F-CFFCDEC4F9F5}.Release|x86.ActiveCfg = Release|x86
		{78B9004C-E3C9-4599-A92F-CFFCDEC4F9F5}.Release|x86.Build.0 = Release|x86
		{51E68EF8-0D8B-4FE9-8B76-F5D17B8A38F1}.Debug|.NET.ActiveCfg = Debug|x86
		{51E68EF8-0D8B-4FE9-8B76-F5D17B8A38F1}.Debug|Any CPU.ActiveCfg = Debug|x86
		{51E68EF8-0D8B-4FE9-8B76-F5D17B8A38F1}.Debug|Mixed Platforms.ActiveCfg = Debug|x86
		{51E68EF8-0D8B-4FE9-8B76-F5D17B8A38F1}.Debug|Mixed Platforms.Build.0 = Debug|x86
		{51E68EF8-0D8B-4FE9-8B76-F5D17B8A38F1}.Debug|x86.ActiveCfg = Debug|x86
		{51E68EF8-0D8B-4FE9-8B76-F5D17B8A38F1}.Debug|x86.Build.0 = Debug|x86
		{51E68EF8-0D8B-4FE9-8B76-F5D17B8A38F1}.Release|.NET.ActiveCfg = Release|x86
		{51E68EF8-0D8B-4FE9-8B76-F5D17B8A38F1}.Release|Any CPU.ActiveCfg = Release|x86
		{51E68EF8-0D8B-4FE9-8B76-F5D17B8A38F1}.Release|Mixed Platforms.ActiveCfg = Release|x86
		{51E68EF8-0D8B-4FE9-8B76-F5D17B8A38F1}.Release|Mixed Platforms.Build.0 = Release|x86
		{51E68EF8-0D8B-4FE9-8B76-F5D17B8A38F1}.Release|x86.ActiveCfg = Release|x86
		{51E68EF8-0D8B-4FE9-8B76-F5D17B8A38F1}.Release|x86.Build.0 = Release|x86
		{CFFCE18F-F4A9-41AF-BBC4-43D4AA820FA4}.Debug|.NET.ActiveCfg = Debug|x86
		{CFFCE18F-F4A9-41AF-BBC4-43D4AA820FA4}.Debug|Any CPU.ActiveCfg = Debug|x86
		{CFFCE18F-F4A9-41AF-BBC4-43D4AA820FA4}.Debug|Mixed Platforms.ActiveCfg = Debug|x86
		{CFFCE18F-F4A9-41AF-BBC4-43D4AA820FA4}.Debug|Mixed Platforms.Build.0 = Debug|x86
		{CFFCE18F-F4A9-41AF-BBC4-43D4AA820FA4}.Debug|x86.ActiveCfg = Debug|x86
		{CFFCE18F-F4A9-41AF-BBC4-43D4AA820FA4}.Debug|x86.Build.0 = Debug|x86
		{CFFCE18F-F4A9-41AF-BBC4-43D4AA820FA4}.Release|.NET.ActiveCfg = Release|x86
		{CFFCE18F-F4A9-41AF-BBC4-43D4AA820FA4}.Release|Any CPU.ActiveCfg = Release|x86
		{CFFCE18F-F4A9-41AF-BBC4-43D4AA820FA4}.Release|Mixed Platforms.ActiveCfg = Release|x86
		{CFFCE18F-F4A9-41AF-BBC4-43D4AA820FA4}.Release|Mixed Platforms.Build.0 = Release|x86
		{CFFCE18F-F4A9-41AF-BBC4-43D4AA820FA4}.Release|x86.ActiveCfg = Release|x86
		{CFFCE18F-F4A9-41AF-BBC4-43D4AA820FA4}.Release|x86.Build.0 = Release|x86
		{96FF6E64-9E8E-4C1F-B353-3EFB3640AB18}.Debug|.NET.ActiveCfg = Debug|x86
		{96FF6E64-9E8E-4C1F-B353-3EFB3640AB18}.Debug|Any CPU.ActiveCfg = Debug|x86
		{96FF6E64-9E8E-4C1F-B353-3EFB3640AB18}.Debug|Mixed Platforms.ActiveCfg = Debug|x86
		{96FF6E64-9E8E-4C1F-B353-3EFB3640AB18}.Debug|Mixed Platforms.Build.0 = Debug|x86
		{96FF6E64-9E8E-4C1F-B353-3EFB3640AB18}.Debug|x86.ActiveCfg = Debug|x86
		{96FF6E64-9E8E-4C1F-B353-3EFB3640AB18}.Debug|x86.Build.0 = Debug|x86
		{96FF6E64-9E8E-4C1F-B353-3EFB3640AB18}.Release|.NET.ActiveCfg = Release|x86
		{96FF6E64-9E8E-4C1F-B353-3EFB3640AB18}.Release|Any CPU.ActiveCfg = Release|x86
		{96FF6E64-9E8E-4C1F-B353-3EFB3640AB18}.Release|Mixed Platforms.ActiveCfg = Release|x86
		{96FF6E64-9E8E-4C1F-B353-3EFB3640AB18}.Release|Mixed Platforms.Build.0 = Release|x86
		{96FF6E64-9E8E-4C1F-B353-3EFB3640AB18}.Release|x86.ActiveCfg = Release|x86
		{96FF6E64-9E8E-4C1F-B353-3EFB3640AB18}.Release|x86.Build.0 = Release|x86
		{C8AAF16D-D07D-4D55-87DE-67E0DDD64590}.Debug|.NET.ActiveCfg = Debug|x86
		{C8AAF16D-D07D-4D55-87DE-67E0DDD64590}.Debug|Any CPU.ActiveCfg = Debug|x86
		{C8AAF16D-D07D-4D55-87DE-67E0DDD64590}.Debug|Mixed Platforms.ActiveCfg = Debug|x86
		{C8AAF16D-D07D-4D55-87DE-67E0DDD64590}.Debug|Mixed Platforms.Build.0 = Debug|x86
		{C8AAF16D-D07D-4D55-87DE-67E0DDD64590}.Debug|x86.ActiveCfg = Debug|x86
		{C8AAF16D-D07D-4D55-87DE-67E0DDD64590}.Debug|x86.Build.0 = Debug|x86
		{C8AAF16D-D07D-4D55-87DE-67E0DDD64590}.Release|.NET.ActiveCfg = Release|x86
		{C8AAF16D-D07D-4D55-87DE-67E0DDD64590}.Release|Any CPU.ActiveCfg = Release|x86
		{C8AAF16D-D07D-4D55-87DE-67E0DDD64590}.Release|Mixed Platforms.ActiveCfg = Release|x86
		{C8AAF16D-D07D-4D55-87DE-67E0DDD64590}.Release|Mixed Platforms.Build.0 = Release|x86
		{C8AAF16D-D07D-4D55-87DE-67E0DDD64590}.Release|x86.ActiveCfg = Release|x86
		{C8AAF16D-D07D-4D55-87DE-67E0DDD64590}.Release|x86.Build.0 = Release|x86
		{E643420C-0A8E-4D9D-BB2B-5F59488204B6}.Debug|.NET.ActiveCfg = Debug|x86
		{E643420C-0A8E-4D9D-BB2B-5F59488204B6}.Debug|Any CPU.ActiveCfg = Debug|x86
		{E643420C-0A8E-4D9D-BB2B-5F59488204B6}.Debug|Mixed Platforms.ActiveCfg = Debug|x86
		{E643420C-0A8E-4D9D-BB2B-5F59488204B6}.Debug|Mixed Platforms.Build.0 = Debug|x86
		{E643420C-0A8E-4D9D-BB2B-5F59488204B6}.Debug|x86.ActiveCfg = Debug|x86
		{E643420C-0A8E-4D9D-BB2B-5F59488204B6}.Debug|x86.Build.0 = Debug|x86
		{E643420C-0A8E-4D9D-BB2B-5F59488204B6}.Release|.NET.ActiveCfg = Release|x86
		{E643420C-0A8E-4D9D-BB2B-5F59488204B6}.Release|Any CPU.ActiveCfg = Release|x86
		{E643420C-0A8E-4D9D-BB2B-5F59488204B6}.Release|Mixed Platforms.ActiveCfg = Release|x86
		{E643420C-0A8E-4D9D-BB2B-5F59488204B6}.Release|Mixed Platforms.Build.0 = Release|x86
		{E643420C-0A8E-4D9D-BB2B-5F59488204B6}.Release|x86.ActiveCfg = Release|x86
		{E643420C-0A8E-4D9D-BB2B-5F59488204B6}.Release|x86.Build.0 = Release|x86
		{E5656652-8952-4830-8F2D-F02DE94CD233}.Debug|.NET.ActiveCfg = Debug|x86
		{E5656652-8952-4830-8F2D-F02DE94CD233}.Debug|Any CPU.ActiveCfg = Debug|x86
		{E5656652-8952-4830-8F2D-F02DE94CD233}.Debug|Mixed Platforms.ActiveCfg = Debug|x86
		{E5656652-8952-4830-8F2D-F02DE94CD233}.Debug|Mixed Platforms.Build.0 = Debug|x86
		{E5656652-8952-4830-8F2D-F02DE94CD233}.Debug|x86.ActiveCfg = Debug|x86
		{E5656652-8952-4830-8F2D-F02DE94CD233}.Debug|x86.Build.0 = Debug|x86
		{E5656652-8952-4830-8F2D-F02DE94CD233}.Release|.NET.ActiveCfg = Release|x86
		{E5656652-8952-4830-8F2D-F02DE94CD233}.Release|Any CPU.ActiveCfg = Release|x86
		{E5656652-8952-4830-8F2D-F02DE94CD233}.Release|Mixed Platforms.ActiveCfg = Release|x86
		{E5656652-8952-4830-8F2D-F02DE94CD233}.Release|Mixed Platforms.Build.0 = Release|x86
		{E5656652-8952-4830-8F2D-F02DE94CD233}.Release|x86.ActiveCfg = Release|x86
		{E5656652-8952-4830-8F2D-F02DE94CD233}.Release|x86.Build.0 = Release|x86
		{4D143411-9FDF-4EB9-82AE-0463E52D45CC}.Debug|.NET.ActiveCfg = Debug|x86
		{4D143411-9FDF-4EB9-82AE-0463E52D45CC}.Debug|Any CPU.ActiveCfg = Debug|x86
		{4D143411-9FDF-4EB9-82AE-0463E52D45CC}.Debug|Mixed Platforms.ActiveCfg = Debug|x86
		{4D143411-9FDF-4EB9-82AE-0463E52D45CC}.Debug|Mixed Platforms.Build.0 = Debug|x86
		{4D143411-9FDF-4EB9-82AE-0463E52D45CC}.Debug|x86.ActiveCfg = Debug|x86
		{4D143411-9FDF-4EB9-82AE-0463E52D45CC}.Debug|x86.Build.0 = Debug|x86
		{4D143411-9FDF-4EB9-82AE-0463E52D45CC}.Release|.NET.ActiveCfg = Release|x86
		{4D143411-9FDF-4EB9-82AE-0463E52D45CC}.Release|Any CPU.ActiveCfg = Release|x86
		{4D143411-9FDF-4EB9-82AE-0463E52D45CC}.Release|Mixed Platforms.ActiveCfg = Release|x86
		{4D143411-9FDF-4EB9-82AE-0463E52D45CC}.Release|Mixed Platforms.Build.0 = Release|x86
		{4D143411-9FDF-4EB9-82AE-0463E52D45CC}.Release|x86.ActiveCfg = Release|x86
		{4D143411-9FDF-4EB9-82AE-0463E52D45CC}.Release|x86.Build.0 = Release|x86
		{7198F5D0-4732-4453-ACC3-E27FFD077223}.Debug|.NET.ActiveCfg = Debug|x86
		{7198F5D0-4732-4453-ACC3-E27FFD077223}.Debug|Any CPU.ActiveCfg = Debug|x86
		{7198F5D0-4732-4453-ACC3-E27FFD077223}.Debug|Mixed Platforms.ActiveCfg = Debug|x86
		{7198F5D0-4732-4453-ACC3-E27FFD077223}.Debug|Mixed Platforms.Build.0 = Debug|x86
		{7198F5D0-4732-4453-ACC3-E27FFD077223}.Debug|x86.ActiveCfg = Debug|x86
		{7198F5D0-4732-4453-ACC3-E27FFD077223}.Debug|x86.Build.0 = Debug|x86
		{7198F5D0-4732-4453-ACC3-E27FFD077223}.Release|.NET.ActiveCfg = Release|x86
		{7198F5D0-4732-4453-ACC3-E27FFD077223}.Release|Any CPU.ActiveCfg = Release|x86
		{7198F5D0-4732-4453-ACC3-E27FFD077223}.Release|Mixed Platforms.ActiveCfg = Release|x86
		{7198F5D0-4732-4453-ACC3-E27FFD077223}.Release|Mixed Platforms.Build.0 = Release|x86
		{7198F5D0-4732-4453-ACC3-E27FFD077223}.Release|x86.ActiveCfg = Release|x86
		{7198F5D0-4732-4453-ACC3-E27FFD077223}.Release|x86.Build.0 = Release|x86
		{20FE8F78-3000-4939-845D-17298F222583}.Debug|.NET.ActiveCfg = Debug|x86
		{20FE8F78-3000-4939-845D-17298F222583}.Debug|Any CPU.ActiveCfg = Debug|x86
		{20FE8F78-3000-4939-845D-17298F222583}.Debug|Mixed Platforms.ActiveCfg = Debug|x86
		{20FE8F78-3000-4939-845D-17298F222583}.Debug|Mixed Platforms.Build.0 = Debug|x86
		{20FE8F78-3000-4939-845D-17298F222583}.Debug|x86.ActiveCfg = Debug|x86
		{20FE8F78-3000-4939-845D-17298F222583}.Debug|x86.Build.0 = Debug|x86
		{20FE8F78-3000-4939-845D-17298F222583}.Release|.NET.ActiveCfg = Release|x86
		{20FE8F78-3000-4939-845D-17298F222583}.Release|Any CPU.ActiveCfg = Release|x86
		{20FE8F78-3000-4939-845D-17298F222583}.Release|Mixed Platforms.ActiveCfg = Release|x86
		{20FE8F78-3000-4939-845D-17298F222583}.Release|Mixed Platforms.Build.0 = Release|x86
		{20FE8F78-3000-4939-845D-17298F222583}.Release|x86.ActiveCfg = Release|x86
		{20FE8F78-3000-4939-845D-17298F222583}.Release|x86.Build.0 = Release|x86
		{FB31282A-FFD2-45E0-957D-EB51EBB4FEFC}.Debug|.NET.ActiveCfg = Debug|x86
		{FB31282A-FFD2-45E0-957D-EB51EBB4FEFC}.Debug|Any CPU.ActiveCfg = Debug|x86
		{FB31282A-FFD2-45E0-957D-EB51EBB4FEFC}.Debug|Mixed Platforms.ActiveCfg = Debug|x86
		{FB31282A-FFD2-45E0-957D-EB51EBB4FEFC}.Debug|Mixed Platforms.Build.0 = Debug|x86
		{FB31282A-FFD2-45E0-957D-EB51EBB4FEFC}.Debug|x86.ActiveCfg = Debug|x86
		{FB31282A-FFD2-45E0-957D-EB51EBB4FEFC}.Debug|x86.Build.0 = Debug|x86
		{FB31282A-FFD2-45E0-957D-EB51EBB4FEFC}.Release|.NET.ActiveCfg = Release|x86
		{FB31282A-FFD2-45E0-957D-EB51EBB4FEFC}.Release|Any CPU.ActiveCfg = Release|x86
		{FB31282A-FFD2-45E0-957D-EB51EBB4FEFC}.Release|Mixed Platforms.ActiveCfg = Release|x86
		{FB31282A-FFD2-45E0-957D-EB51EBB4FEFC}.Release|Mixed Platforms.Build.0 = Release|x86
		{FB31282A-FFD2-45E0-957D-EB51EBB4FEFC}.Release|x86.ActiveCfg = Release|x86
		{FB31282A-FFD2-45E0-957D-EB51EBB4FEFC}.Release|x86.Build.0 = Release|x86
		{9231908F-03EF-40B6-A480-BE0AD4040D71}.Debug|.NET.ActiveCfg = Debug|x86
		{9231908F-03EF-40B6-A480-BE0AD4040D71}.Debug|Any CPU.ActiveCfg = Debug|x86
		{9231908F-03EF-40B6-A480-BE0AD4040D71}.Debug|Mixed Platforms.ActiveCfg = Debug|x86
		{9231908F-03EF-40B6-A480-BE0AD4040D71}.Debug|Mixed Platforms.Build.0 = Debug|x86
		{9231908F-03EF-40B6-A480-BE0AD4040D71}.Debug|x86.ActiveCfg = Debug|x86
		{9231908F-03EF-40B6-A480-BE0AD4040D71}.Debug|x86.Build.0 = Debug|x86
		{9231908F-03EF-40B6-A480-BE0AD4040D71}.Release|.NET.ActiveCfg = Release|x86
		{9231908F-03EF-40B6-A480-BE0AD4040D71}.Release|Any CPU.ActiveCfg = Release|x86
		{9231908F-03EF-40B6-A480-BE0AD4040D71}.Release|Mixed Platforms.ActiveCfg = Release|x86
		{9231908F-03EF-40B6-A480-BE0AD4040D71}.Release|Mixed Platforms.Build.0 = Release|x86
		{9231908F-03EF-40B6-A480-BE0AD4040D71}.Release|x86.ActiveCfg = Release|x86
		{9231908F-03EF-40B6-A480-BE0AD4040D71}.Release|x86.Build.0 = Release|x86
		{8992697E-29F0-4088-A9E2-9FAC1EEA429E}.Debug|.NET.ActiveCfg = Debug|x86
		{8992697E-29F0-4088-A9E2-9FAC1EEA429E}.Debug|Any CPU.ActiveCfg = Debug|x86
		{8992697E-29F0-4088-A9E2-9FAC1EEA429E}.Debug|Mixed Platforms.ActiveCfg = Debug|x86
		{8992697E-29F0-4088-A9E2-9FAC1EEA429E}.Debug|Mixed Platforms.Build.0 = Debug|x86
		{8992697E-29F0-4088-A9E2-9FAC1EEA429E}.Debug|x86.ActiveCfg = Debug|x86
		{8992697E-29F0-4088-A9E2-9FAC1EEA429E}.Debug|x86.Build.0 = Debug|x86
		{8992697E-29F0-4088-A9E2-9FAC1EEA429E}.Release|.NET.ActiveCfg = Release|x86
		{8992697E-29F0-4088-A9E2-9FAC1EEA429E}.Release|Any CPU.ActiveCfg = Release|x86
		{8992697E-29F0-4088-A9E2-9FAC1EEA429E}.Release|Mixed Platforms.ActiveCfg = Release|x86
		{8992697E-29F0-4088-A9E2-9FAC1EEA429E}.Release|Mixed Platforms.Build.0 = Release|x86
		{8992697E-29F0-4088-A9E2-9FAC1EEA429E}.Release|x86.ActiveCfg = Release|x86
		{8992697E-29F0-4088-A9E2-9FAC1EEA429E}.Release|x86.Build.0 = Release|x86
		{40786846-0C8D-4BC2-B7A4-E23324D5DA13}.Debug|.NET.ActiveCfg = Debug|x86
		{40786846-0C8D-4BC2-B7A4-E23324D5DA13}.Debug|Any CPU.ActiveCfg = Debug|x86
		{40786846-0C8D-4BC2-B7A4-E23324D5DA13}.Debug|Mixed Platforms.ActiveCfg = Debug|x86
		{40786846-0C8D-4BC2-B7A4-E23324D5DA13}.Debug|Mixed Platforms.Build.0 = Debug|x86
		{40786846-0C8D-4BC2-B7A4-E23324D5DA13}.Debug|x86.ActiveCfg = Debug|x86
		{40786846-0C8D-4BC2-B7A4-E23324D5DA13}.Debug|x86.Build.0 = Debug|x86
		{40786846-0C8D-4BC2-B7A4-E23324D5DA13}.Release|.NET.ActiveCfg = Release|x86
		{40786846-0C8D-4BC2-B7A4-E23324D5DA13}.Release|Any CPU.ActiveCfg = Release|x86
		{40786846-0C8D-4BC2-B7A4-E23324D5DA13}.Release|Mixed Platforms.ActiveCfg = Release|x86
		{40786846-0C8D-4BC2-B7A4-E23324D5DA13}.Release|Mixed Platforms.Build.0 = Release|x86
		{40786846-0C8D-4BC2-B7A4-E23324D5DA13}.Release|x86.ActiveCfg = Release|x86
		{40786846-0C8D-4BC2-B7A4-E23324D5DA13}.Release|x86.Build.0 = Release|x86
		{34AEEF24-CFB3-4290-8397-A9334CB1C399}.Debug|.NET.ActiveCfg = Debug|x86
		{34AEEF24-CFB3-4290-8397-A9334CB1C399}.Debug|Any CPU.ActiveCfg = Debug|x86
		{34AEEF24-CFB3-4290-8397-A9334CB1C399}.Debug|Mixed Platforms.ActiveCfg = Debug|x86
		{34AEEF24-CFB3-4290-8397-A9334CB1C399}.Debug|Mixed Platforms.Build.0 = Debug|x86
		{34AEEF24-CFB3-4290-8397-A9334CB1C399}.Debug|x86.ActiveCfg = Debug|x86
		{34AEEF24-CFB3-4290-8397-A9334CB1C399}.Debug|x86.Build.0 = Debug|x86
		{34AEEF24-CFB3-4290-8397-A9334CB1C399}.Release|.NET.ActiveCfg = Release|x86
		{34AEEF24-CFB3-4290-8397-A9334CB1C399}.Release|Any CPU.ActiveCfg = Release|x86
		{34AEEF24-CFB3-4290-8397-A9334CB1C399}.Release|Mixed Platforms.ActiveCfg = Release|x86
		{34AEEF24-CFB3-4290-8397-A9334CB1C399}.Release|Mixed Platforms.Build.0 = Release|x86
		{34AEEF24-CFB3-4290-8397-A9334CB1C399}.Release|x86.ActiveCfg = Release|x86
		{34AEEF24-CFB3-4290-8397-A9334CB1C399}.Release|x86.Build.0 = Release|x86
		{0D0DB808-8F8C-4372-A1FC-B27AF445AC88}.Debug|.NET.ActiveCfg = Debug|x86
		{0D0DB808-8F8C-4372-A1FC-B27AF445AC88}.Debug|Any CPU.ActiveCfg = Debug|x86
		{0D0DB808-8F8C-4372-A1FC-B27AF445AC88}.Debug|Mixed Platforms.ActiveCfg = Debug|x86
		{0D0DB808-8F8C-4372-A1FC-B27AF445AC88}.Debug|Mixed Platforms.Build.0 = Debug|x86
		{0D0DB808-8F8C-4372-A1FC-B27AF445AC88}.Debug|x86.ActiveCfg = Debug|x86
		{0D0DB808-8F8C-4372-A1FC-B27AF445AC88}.Debug|x86.Build.0 = Debug|x86
		{0D0DB808-8F8C-4372-A1FC-B27AF445AC88}.Release|.NET.ActiveCfg = Release|x86
		{0D0DB808-8F8C-4372-A1FC-B27AF445AC88}.Release|Any CPU.ActiveCfg = Release|x86
		{0D0DB808-8F8C-4372-A1FC-B27AF445AC88}.Release|Mixed Platforms.ActiveCfg = Release|x86
		{0D0DB808-8F8C-4372-A1FC-B27AF445AC88}.Release|Mixed Platforms.Build.0 = Release|x86
		{0D0DB808-8F8C-4372-A1FC-B27AF445AC88}.Release|x86.ActiveCfg = Release|x86
		{0D0DB808-8F8C-4372-A1FC-B27AF445AC88}.Release|x86.Build.0 = Release|x86
		{AF349783-E193-4228-8D49-B182DA8085BC}.Debug|.NET.ActiveCfg = Debug|x86
		{AF349783-E193-4228-8D49-B182DA8085BC}.Debug|Any CPU.ActiveCfg = Debug|x86
		{AF349783-E193-4228-8D49-B182DA8085BC}.Debug|Mixed Platforms.ActiveCfg = Debug|x86
		{AF349783-E193-4228-8D49-B182DA8085BC}.Debug|Mixed Platforms.Build.0 = Debug|x86
		{AF349783-E193-4228-8D49-B182DA8085BC}.Debug|x86.ActiveCfg = Debug|x86
		{AF349783-E193-4228-8D49-B182DA8085BC}.Debug|x86.Build.0 = Debug|x86
		{AF349783-E193-4228-8D49-B182DA8085BC}.Release|.NET.ActiveCfg = Release|x86
		{AF349783-E193-4228-8D49-B182DA8085BC}.Release|Any CPU.ActiveCfg = Release|x86
		{AF349783-E193-4228-8D49-B182DA8085BC}.Release|Mixed Platforms.ActiveCfg = Release|x86
		{AF349783-E193-4228-8D49-B182DA8085BC}.Release|Mixed Platforms.Build.0 = Release|x86
		{AF349783-E193-4228-8D49-B182DA8085BC}.Release|x86.ActiveCfg = Release|x86
		{AF349783-E193-4228-8D49-B182DA8085BC}.Release|x86.Build.0 = Release|x86
		{657E3DEF-8B61-41D5-8CE8-57937548E7A4}.Debug|.NET.ActiveCfg = Debug|x86
		{657E3DEF-8B61-41D5-8CE8-57937548E7A4}.Debug|Any CPU.ActiveCfg = Debug|x86
		{657E3DEF-8B61-41D5-8CE8-57937548E7A4}.Debug|Mixed Platforms.ActiveCfg = Debug|x86
		{657E3DEF-8B61-41D5-8CE8-57937548E7A4}.Debug|Mixed Platforms.Build.0 = Debug|x86
		{657E3DEF-8B61-41D5-8CE8-57937548E7A4}.Debug|x86.ActiveCfg = Debug|x86
		{657E3DEF-8B61-41D5-8CE8-57937548E7A4}.Debug|x86.Build.0 = Debug|x86
		{657E3DEF-8B61-41D5-8CE8-57937548E7A4}.Release|.NET.ActiveCfg = Release|x86
		{657E3DEF-8B61-41D5-8CE8-57937548E7A4}.Release|Any CPU.ActiveCfg = Release|x86
		{657E3DEF-8B61-41D5-8CE8-57937548E7A4}.Release|Mixed Platforms.ActiveCfg = Release|x86
		{657E3DEF-8B61-41D5-8CE8-57937548E7A4}.Release|Mixed Platforms.Build.0 = Release|x86
		{657E3DEF-8B61-41D5-8CE8-57937548E7A4}.Release|x86.ActiveCfg = Release|x86
		{657E3DEF-8B61-41D5-8CE8-57937548E7A4}.Release|x86.Build.0 = Release|x86
		{46D460AD-A6C9-4485-A84B-305D0F4462DB}.Debug|.NET.ActiveCfg = Debug|x86
		{46D460AD-A6C9-4485-A84B-305D0F4462DB}.Debug|Any CPU.ActiveCfg = Debug|x86
		{46D460AD-A6C9-4485-A84B-305D0F4462DB}.Debug|Mixed Platforms.ActiveCfg = Debug|x86
		{46D460AD-A6C9-4485-A84B-305D0F4462DB}.Debug|Mixed Platforms.Build.0 = Debug|x86
		{46D460AD-A6C9-4485-A84B-305D0F4462DB}.Debug|x86.ActiveCfg = Debug|x86
		{46D460AD-A6C9-4485-A84B-305D0F4462DB}.Debug|x86.Build.0 = Debug|x86
		{46D460AD-A6C9-4485-A84B-305D0F4462DB}.Release|.NET.ActiveCfg = Release|x86
		{46D460AD-A6C9-4485-A84B-305D0F4462DB}.Release|Any CPU.ActiveCfg = Release|x86
		{46D460AD-A6C9-4485-A84B-305D0F4462DB}.Release|Mixed Platforms.ActiveCfg = Release|x86
		{46D460AD-A6C9-4485-A84B-305D0F4462DB}.Release|Mixed Platforms.Build.0 = Release|x86
		{46D460AD-A6C9-4485-A84B-305D0F4462DB}.Release|x86.ActiveCfg = Release|x86
		{46D460AD-A6C9-4485-A84B-305D0F4462DB}.Release|x86.Build.0 = Release|x86
		{7F4603AB-693B-4882-BE1E-B8BC4AA1E5B3}.Debug|.NET.ActiveCfg = Debug|x86
		{7F4603AB-693B-4882-BE1E-B8BC4AA1E5B3}.Debug|Any CPU.ActiveCfg = Debug|x86
		{7F4603AB-693B-4882-BE1E-B8BC4AA1E5B3}.Debug|Mixed Platforms.ActiveCfg = Debug|x86
		{7F4603AB-693B-4882-BE1E-B8BC4AA1E5B3}.Debug|Mixed Platforms.Build.0 = Debug|x86
		{7F4603AB-693B-4882-BE1E-B8BC4AA1E5B3}.Debug|x86.ActiveCfg = Debug|x86
		{7F4603AB-693B-4882-BE1E-B8BC4AA1E5B3}.Debug|x86.Build.0 = Debug|x86
		{7F4603AB-693B-4882-BE1E-B8BC4AA1E5B3}.Release|.NET.ActiveCfg = Release|x86
		{7F4603AB-693B-4882-BE1E-B8BC4AA1E5B3}.Release|Any CPU.ActiveCfg = Release|x86
		{7F4603AB-693B-4882-BE1E-B8BC4AA1E5B3}.Release|Mixed Platforms.ActiveCfg = Release|x86
		{7F4603AB-693B-4882-BE1E-B8BC4AA1E5B3}.Release|Mixed Platforms.Build.0 = Release|x86
		{7F4603AB-693B-4882-BE1E-B8BC4AA1E5B3}.Release|x86.ActiveCfg = Release|x86
		{7F4603AB-693B-4882-BE1E-B8BC4AA1E5B3}.Release|x86.Build.0 = Release|x86
		{2AD29CF4-7814-4265-B106-22D17FA6460A}.Debug|.NET.ActiveCfg = Debug|x86
		{2AD29CF4-7814-4265-B106-22D17FA6460A}.Debug|Any CPU.ActiveCfg = Debug|x86
		{2AD29CF4-7814-4265-B106-22D17FA6460A}.Debug|Mixed Platforms.ActiveCfg = Debug|x86
		{2AD29CF4-7814-4265-B106-22D17FA6460A}.Debug|Mixed Platforms.Build.0 = Debug|x86
		{2AD29CF4-7814-4265-B106-22D17FA6460A}.Debug|x86.ActiveCfg = Debug|x86
		{2AD29CF4-7814-4265-B106-22D17FA6460A}.Debug|x86.Build.0 = Debug|x86
		{2AD29CF4-7814-4265-B106-22D17FA6460A}.Release|.NET.ActiveCfg = Release|x86
		{2AD29CF4-7814-4265-B106-22D17FA6460A}.Release|Any CPU.ActiveCfg = Release|x86
		{2AD29CF4-7814-4265-B106-22D17FA6460A}.Release|Mixed Platforms.ActiveCfg = Release|x86
		{2AD29CF4-7814-4265-B106-22D17FA6460A}.Release|Mixed Platforms.Build.0 = Release|x86
		{2AD29CF4-7814-4265-B106-22D17FA6460A}.Release|x86.ActiveCfg = Release|x86
		{2AD29CF4-7814-4265-B106-22D17FA6460A}.Release|x86.Build.0 = Release|x86
		{D35B8890-3BB7-496F-AF34-78328065A198}.Debug|.NET.ActiveCfg = Debug|x86
		{D35B8890-3BB7-496F-AF34-78328065A198}.Debug|Any CPU.ActiveCfg = Debug|x86
		{D35B8890-3BB7-496F-AF34-78328065A198}.Debug|Mixed Platforms.ActiveCfg = Debug|x86
		{D35B8890-3BB7-496F-AF34-78328065A198}.Debug|Mixed Platforms.Build.0 = Debug|x86
		{D35B8890-3BB7-496F-AF34-78328065A198}.Debug|x86.ActiveCfg = Debug|x86
		{D35B8890-3BB7-496F-AF34-78328065A198}.Debug|x86.Build.0 = Debug|x86
		{D35B8890-3BB7-496F-AF34-78328065A198}.Release|.NET.ActiveCfg = Release|x86
		{D35B8890-3BB7-496F-AF34-78328065A198}.Release|Any CPU.ActiveCfg = Release|x86
		{D35B8890-3BB7-496F-AF34-78328065A198}.Release|Mixed Platforms.ActiveCfg = Release|x86
		{D35B8890-3BB7-496F-AF34-78328065A198}.Release|Mixed Platforms.Build.0 = Release|x86
		{D35B8890-3BB7-496F-AF34-78328065A198}.Release|x86.ActiveCfg = Release|x86
		{D35B8890-3BB7-496F-AF34-78328065A198}.Release|x86.Build.0 = Release|x86
		{A9E7CA3E-D735-46E6-AB8C-8DA483A2C777}.Debug|.NET.ActiveCfg = Debug|x86
		{A9E7CA3E-D735-46E6-AB8C-8DA483A2C777}.Debug|Any CPU.ActiveCfg = Debug|x86
		{A9E7CA3E-D735-46E6-AB8C-8DA483A2C777}.Debug|Mixed Platforms.ActiveCfg = Debug|x86
		{A9E7CA3E-D735-46E6-AB8C-8DA483A2C777}.Debug|Mixed Platforms.Build.0 = Debug|x86
		{A9E7CA3E-D735-46E6-AB8C-8DA483A2C777}.Debug|x86.ActiveCfg = Debug|x86
		{A9E7CA3E-D735-46E6-AB8C-8DA483A2C777}.Debug|x86.Build.0 = Debug|x86
		{A9E7CA3E-D735-46E6-AB8C-8DA483A2C777}.Release|.NET.ActiveCfg = Release|x86
		{A9E7CA3E-D735-46E6-AB8C-8DA483A2C777}.Release|Any CPU.ActiveCfg = Release|x86
		{A9E7CA3E-D735-46E6-AB8C-8DA483A2C777}.Release|Mixed Platforms.ActiveCfg = Release|x86
		{A9E7CA3E-D735-46E6-AB8C-8DA483A2C777}.Release|Mixed Platforms.Build.0 = Release|x86
		{A9E7CA3E-D735-46E6-AB8C-8DA483A2C777}.Release|x86.ActiveCfg = Release|x86
		{A9E7CA3E-D735-46E6-AB8C-8DA483A2C777}.Release|x86.Build.0 = Release|x86
		{AA8267BE-6E90-495D-967F-E735D75D43BF}.Debug|.NET.ActiveCfg = Debug|x86
		{AA8267BE-6E90-495D-967F-E735D75D43BF}.Debug|Any CPU.ActiveCfg = Debug|x86
		{AA8267BE-6E90-495D-967F-E735D75D43BF}.Debug|Mixed Platforms.ActiveCfg = Debug|x86
		{AA8267BE-6E90-495D-967F-E735D75D43BF}.Debug|Mixed Platforms.Build.0 = Debug|x86
		{AA8267BE-6E90-495D-967F-E735D75D43BF}.Debug|x86.ActiveCfg = Debug|x86
		{AA8267BE-6E90-495D-967F-E735D75D43BF}.Debug|x86.Build.0 = Debug|x86
		{AA8267BE-6E90-495D-967F-E735D75D43BF}.Release|.NET.ActiveCfg = Release|x86
		{AA8267BE-6E90-495D-967F-E735D75D43BF}.Release|Any CPU.ActiveCfg = Release|x86
		{AA8267BE-6E90-495D-967F-E735D75D43BF}.Release|Mixed Platforms.ActiveCfg = Release|x86
		{AA8267BE-6E90-495D-967F-E735D75D43BF}.Release|Mixed Platforms.Build.0 = Release|x86
		{AA8267BE-6E90-495D-967F-E735D75D43BF}.Release|x86.ActiveCfg = Release|x86
		{AA8267BE-6E90-495D-967F-E735D75D43BF}.Release|x86.Build.0 = Release|x86
		{13274FBB-4302-4BA1-8885-ABF3BFA1D123}.Debug|.NET.ActiveCfg = Debug|x86
		{13274FBB-4302-4BA1-8885-ABF3BFA1D123}.Debug|Any CPU.ActiveCfg = Debug|x86
		{13274FBB-4302-4BA1-8885-ABF3BFA1D123}.Debug|Mixed Platforms.ActiveCfg = Debug|x86
		{13274FBB-4302-4BA1-8885-ABF3BFA1D123}.Debug|Mixed Platforms.Build.0 = Debug|x86
		{13274FBB-4302-4BA1-8885-ABF3BFA1D123}.Debug|x86.ActiveCfg = Debug|x86
		{13274FBB-4302-4BA1-8885-ABF3BFA1D123}.Debug|x86.Build.0 = Debug|x86
		{13274FBB-4302-4BA1-8885-ABF3BFA1D123}.Release|.NET.ActiveCfg = Release|x86
		{13274FBB-4302-4BA1-8885-ABF3BFA1D123}.Release|Any CPU.ActiveCfg = Release|x86
		{13274FBB-4302-4BA1-8885-ABF3BFA1D123}.Release|Mixed Platforms.ActiveCfg = Release|x86
		{13274FBB-4302-4BA1-8885-ABF3BFA1D123}.Release|Mixed Platforms.Build.0 = Release|x86
		{13274FBB-4302-4BA1-8885-ABF3BFA1D123}.Release|x86.ActiveCfg = Release|x86
		{13274FBB-4302-4BA1-8885-ABF3BFA1D123}.Release|x86.Build.0 = Release|x86
	EndGlobalSection
	GlobalSection(SolutionProperties) = preSolution
		HideSolutionNode = FALSE
	EndGlobalSection
EndGlobal
